// !$*UTF8*$!
{
	archiveVersion = 1;
	classes = {
	};
	objectVersion = 55;
	objects = {

/* Begin PBXBuildFile section */
		1A4C30116B1618C1596D9D14 /* NetworksService.swift in Sources */ = {isa = PBXBuildFile; fileRef = 1A4C3DAB38F681061328F3F0 /* NetworksService.swift */; };
		1A4C301CF0BAEFBD7194FF0B /* CALayer+Extension.swift in Sources */ = {isa = PBXBuildFile; fileRef = 1A4C330512BFD12BAFED0D12 /* CALayer+Extension.swift */; };
		1A4C302CC56D21A0E3CBAFF6 /* UIStoryboard+extensions.swift in Sources */ = {isa = PBXBuildFile; fileRef = 1A4C310A6D460422DB18D0BF /* UIStoryboard+extensions.swift */; };
		1A4C302D442E40BBC5FE9E3D /* DashboardWireframe.swift in Sources */ = {isa = PBXBuildFile; fileRef = 1A4C3A05642605E68164E3B1 /* DashboardWireframe.swift */; };
		1A4C305703196BC0B33BC401 /* Theme.swift in Sources */ = {isa = PBXBuildFile; fileRef = 1A4C3342AB2F88E37CE4947A /* Theme.swift */; };
		1A4C308B6FA11A032039F086 /* CandlesView.swift in Sources */ = {isa = PBXBuildFile; fileRef = 1A4C359691FCF66942DF6CEF /* CandlesView.swift */; };
		1A4C30AA7A243171AE977F1D /* CollectionViewCell.swift in Sources */ = {isa = PBXBuildFile; fileRef = 1A4C300D073ABE25FC79D4A9 /* CollectionViewCell.swift */; };
		1A4C30B7111436DB2D3D9E5D /* AppsCell.swift in Sources */ = {isa = PBXBuildFile; fileRef = 1A4C3228A51AE19D8D21760A /* AppsCell.swift */; };
		1A4C30F2703A5F58B8DA3D1F /* AccountWireframe.swift in Sources */ = {isa = PBXBuildFile; fileRef = 1A4C3ABEEF88DD643AF4D7AD /* AccountWireframe.swift */; };
		1A4C3161ADC31E07777F61F0 /* AccountInteractor.swift in Sources */ = {isa = PBXBuildFile; fileRef = 1A4C38B1678950FD61E91FAD /* AccountInteractor.swift */; };
		1A4C3184F9E6B94BC857D69A /* SwapView.swift in Sources */ = {isa = PBXBuildFile; fileRef = 1A4C3EEA2BC4491F27D629A2 /* SwapView.swift */; };
		1A4C31AA465FCC1EF6FE6D64 /* DashboardSectionHeaderView.swift in Sources */ = {isa = PBXBuildFile; fileRef = 1A4C35DB40974617FD65E0A1 /* DashboardSectionHeaderView.swift */; };
		1A4C31F15B77B2DFA1AFCBB6 /* AMMsCell.swift in Sources */ = {isa = PBXBuildFile; fileRef = 1A4C308E7095014B9BF80912 /* AMMsCell.swift */; };
		1A4C32253B79286A98D96FE4 /* UIView+extensions.swift in Sources */ = {isa = PBXBuildFile; fileRef = 1A4C300AF1693AEBB5E5DD97 /* UIView+extensions.swift */; };
		1A4C32481161FADBE235A231 /* SettingsPresenter.swift in Sources */ = {isa = PBXBuildFile; fileRef = 1A4C3EB64DCA0D9104342F0C /* SettingsPresenter.swift */; };
		1A4C329D37BA590D99ED3A5C /* AccountSectionHeader.swift in Sources */ = {isa = PBXBuildFile; fileRef = 1A4C3114D1ECD9B2A75BCD96 /* AccountSectionHeader.swift */; };
		1A4C32CF0C59FE32073E66D0 /* WalletsPresenter.swift in Sources */ = {isa = PBXBuildFile; fileRef = 1A4C3226ECC6247E9092F6EF /* WalletsPresenter.swift */; };
		1A4C32D43EDF7B8FC74AA68C /* UICollectionView+Extensions.swift in Sources */ = {isa = PBXBuildFile; fileRef = 1A4C3CD7A1F1A86851EC2BA5 /* UICollectionView+Extensions.swift */; };
		1A4C32FAFAE7B74336452733 /* AMMsView.swift in Sources */ = {isa = PBXBuildFile; fileRef = 1A4C3270725B54B420CDCAD0 /* AMMsView.swift */; };
		1A4C32FE47390FD9E1A745C5 /* UIButton+extensions.swift in Sources */ = {isa = PBXBuildFile; fileRef = 1A4C3439D8A20606BAD5B667 /* UIButton+extensions.swift */; };
		1A4C337CA3864D32284438DC /* DegenWireframeFactory.swift in Sources */ = {isa = PBXBuildFile; fileRef = 1A4C3B869A93171279B2C6ED /* DegenWireframeFactory.swift */; };
		1A4C337DA7CC49D28B99336D /* DashboardWalletCell.swift in Sources */ = {isa = PBXBuildFile; fileRef = 1A4C3A6BF41648FE8A9E60AA /* DashboardWalletCell.swift */; };
		1A4C339BB64E9CCF1C110D40 /* NetworksPresenter.swift in Sources */ = {isa = PBXBuildFile; fileRef = 1A4C342AEA80F91722BA4C54 /* NetworksPresenter.swift */; };
		1A4C33A130E35EBC0BC27B07 /* mock-candles.json in Resources */ = {isa = PBXBuildFile; fileRef = 1A4C3EE3468010FE10976BEE /* mock-candles.json */; };
		1A4C33C1A3C0AE41B3CE539A /* SwapInputView.swift in Sources */ = {isa = PBXBuildFile; fileRef = 1A4C351526042456A71B185F /* SwapInputView.swift */; };
		1A4C33D70F2BF31983487849 /* AppsView.swift in Sources */ = {isa = PBXBuildFile; fileRef = 1A4C3D1FBA47E23C9207B49B /* AppsView.swift */; };
		1A4C33EB6A7815037906E8F4 /* AppsWireframeFactory.swift in Sources */ = {isa = PBXBuildFile; fileRef = 1A4C3E735403B7DA9910563D /* AppsWireframeFactory.swift */; };
		1A4C33FD7390E65B4959F77F /* AppsViewModel.swift in Sources */ = {isa = PBXBuildFile; fileRef = 1A4C32C53B06B5EA8EE01118 /* AppsViewModel.swift */; };
		1A4C33FF86A4E43DAA2E7AB9 /* UIColor+Extensions.swift in Sources */ = {isa = PBXBuildFile; fileRef = 1A4C3BBAA5D729DC128BA1A7 /* UIColor+Extensions.swift */; };
		1A4C3419FE99A77CEE441A56 /* SwapInteractor.swift in Sources */ = {isa = PBXBuildFile; fileRef = 1A4C317BB445643CDEAB4690 /* SwapInteractor.swift */; };
		1A4C345BA6553EF429EF7494 /* String+extensions.swift in Sources */ = {isa = PBXBuildFile; fileRef = 1A4C3F3F7A4502698FF8F63E /* String+extensions.swift */; };
		1A4C346BBC846E952B81C4CB /* WalletCell.swift in Sources */ = {isa = PBXBuildFile; fileRef = 1A4C3B2EA3B98315F0F10172 /* WalletCell.swift */; };
		1A4C346D269BABDAF0CC248E /* SettingsView.swift in Sources */ = {isa = PBXBuildFile; fileRef = 1A4C3FA66092D38533F635F3 /* SettingsView.swift */; };
		1A4C347CFEC64C025C0ED6CC /* AccountPresenter.swift in Sources */ = {isa = PBXBuildFile; fileRef = 1A4C30B09D7FCDB08590118B /* AccountPresenter.swift */; };
		1A4C348C8EAD95B167C06D3D /* SwapViewModel.swift in Sources */ = {isa = PBXBuildFile; fileRef = 1A4C348CA305DD0F6C190CAE /* SwapViewModel.swift */; };
		1A4C349387A48AB7AD7C24A9 /* AccountWireframeFactory.swift in Sources */ = {isa = PBXBuildFile; fileRef = 1A4C3ABC7FAC24D9539B1BDA /* AccountWireframeFactory.swift */; };
		1A4C34ABFF1DD20804DED956 /* AppsService.swift in Sources */ = {isa = PBXBuildFile; fileRef = 1A4C3228790C1569B37F5179 /* AppsService.swift */; };
		1A4C34F0ADC2C388D42148BA /* DegenView.swift in Sources */ = {isa = PBXBuildFile; fileRef = 1A4C3D9896E7F3F3E51A9F29 /* DegenView.swift */; };
		1A4C3540A51F853CCA68885B /* DegenCell.swift in Sources */ = {isa = PBXBuildFile; fileRef = 1A4C367A2B3B39204D1DD109 /* DegenCell.swift */; };
		1A4C3551BCCFEFA7BF378CD5 /* NFTsWireframeFactory.swift in Sources */ = {isa = PBXBuildFile; fileRef = 1A4C3C7AC11249D1DE6C554C /* NFTsWireframeFactory.swift */; };
		1A4C355E7008E07B2A6A148C /* DegenPresenter.swift in Sources */ = {isa = PBXBuildFile; fileRef = 1A4C3B98696DF5EF5AC52C07 /* DegenPresenter.swift */; };
		1A4C356A6C7A1C66A75728D8 /* SettingsViewModel.swift in Sources */ = {isa = PBXBuildFile; fileRef = 1A4C3412895BFFD5EB8F167E /* SettingsViewModel.swift */; };
		1A4C35978A62DC3638CBFD05 /* SettingsWireframeFactory.swift in Sources */ = {isa = PBXBuildFile; fileRef = 1A4C3152690E35122D56F0C6 /* SettingsWireframeFactory.swift */; };
		1A4C364C187388D6D51133C2 /* AccountView.swift in Sources */ = {isa = PBXBuildFile; fileRef = 1A4C3EA05614AEAEC1389A4E /* AccountView.swift */; };
		1A4C366BA9A6BDC929E984C1 /* NFTsPresenter.swift in Sources */ = {isa = PBXBuildFile; fileRef = 1A4C3E187671FB1882E89DB7 /* NFTsPresenter.swift */; };
		1A4C36856556A9416071D218 /* AppsPresenter.swift in Sources */ = {isa = PBXBuildFile; fileRef = 1A4C33A7E924C453F503448F /* AppsPresenter.swift */; };
		1A4C36B0C0625697FE563291 /* UIFont+Extension.swift in Sources */ = {isa = PBXBuildFile; fileRef = 1A4C341557541950B9132370 /* UIFont+Extension.swift */; };
		1A4C36E01D38AFB39DCA523C /* NetworksWireframe.swift in Sources */ = {isa = PBXBuildFile; fileRef = 1A4C3AD5ED12A2AC7B3218C9 /* NetworksWireframe.swift */; };
		1A4C36FDBCA0AA402711BE43 /* RootPresenter.swift in Sources */ = {isa = PBXBuildFile; fileRef = 1A4C3B638AF302821340E527 /* RootPresenter.swift */; };
		1A4C37074D8859F0DC14C905 /* NavigationController.swift in Sources */ = {isa = PBXBuildFile; fileRef = 1A4C3C8A8E2CDDB9F01205E5 /* NavigationController.swift */; };
		1A4C3708C25B84EAA53D0FB6 /* Wallet.swift in Sources */ = {isa = PBXBuildFile; fileRef = 1A4C376D2673983B26F249FF /* Wallet.swift */; };
		1A4C3719F83C54CD473ECE25 /* DegenWireframe.swift in Sources */ = {isa = PBXBuildFile; fileRef = 1A4C32C282B76B064343657F /* DegenWireframe.swift */; };
		1A4C372EC2DEA2483AD7D92E /* NSLocalizedString+extension.swift in Sources */ = {isa = PBXBuildFile; fileRef = 1A4C3D1809D506A7AE772982 /* NSLocalizedString+extension.swift */; };
		1A4C3735189D6616D915D851 /* TabBarController.swift in Sources */ = {isa = PBXBuildFile; fileRef = 1A4C309894247AA73F274756 /* TabBarController.swift */; };
		1A4C373913601300A54BB058 /* UIBarButtonItem.swift in Sources */ = {isa = PBXBuildFile; fileRef = 1A4C3ADE5C8CD3D3CBB36547 /* UIBarButtonItem.swift */; };
		1A4C3750D25F9E82456820CB /* NetworksCell.swift in Sources */ = {isa = PBXBuildFile; fileRef = 1A4C37E7FEEE448ABFD2A86C /* NetworksCell.swift */; };
		1A4C3782A600997577ED88DD /* DashboardNFTsCell.swift in Sources */ = {isa = PBXBuildFile; fileRef = 1A4C3404214F8018CDD4F6C4 /* DashboardNFTsCell.swift */; };
		1A4C37AEF66358EA9CA0CA59 /* AccountService.swift in Sources */ = {isa = PBXBuildFile; fileRef = 1A4C388B9A42E6A279D2867F /* AccountService.swift */; };
		1A4C37B46FEFFC9D3AC7F324 /* SwapPresenter.swift in Sources */ = {isa = PBXBuildFile; fileRef = 1A4C3496668BD6B362FE68B4 /* SwapPresenter.swift */; };
		1A4C37C1E42C1DF7A9CB3814 /* DashboardView.swift in Sources */ = {isa = PBXBuildFile; fileRef = 1A4C3EDBCEBB09F678C9E934 /* DashboardView.swift */; };
		1A4C37CF17F191B3AF54251B /* DashboardWireframeFactory.swift in Sources */ = {isa = PBXBuildFile; fileRef = 1A4C3B92FA152550A06D3D31 /* DashboardWireframeFactory.swift */; };
		1A4C37D58E15F7110354E35B /* NetworksViewModel.swift in Sources */ = {isa = PBXBuildFile; fileRef = 1A4C3831549FBA4F68E7224D /* NetworksViewModel.swift */; };
		1A4C3814E1E3BDF50E96D8C5 /* NFTsInteractor.swift in Sources */ = {isa = PBXBuildFile; fileRef = 1A4C3F186997145E252EBB2E /* NFTsInteractor.swift */; };
		1A4C3835FD803C3B708B409C /* Formatter+Extensions.swift in Sources */ = {isa = PBXBuildFile; fileRef = 1A4C3BFA6EDB1E94BEF92E59 /* Formatter+Extensions.swift */; };
		1A4C3861C7003673B5EB7004 /* AccountHeaderCell.swift in Sources */ = {isa = PBXBuildFile; fileRef = 1A4C3AC0CCE82EB56DABDC66 /* AccountHeaderCell.swift */; };
		1A4C3869B6A3E1BF415E15DB /* Global.swift in Sources */ = {isa = PBXBuildFile; fileRef = 1A4C39FB21CCAF442F3001E6 /* Global.swift */; };
		1A4C386D56D3F49C906315ED /* SwapWireframeFactory.swift in Sources */ = {isa = PBXBuildFile; fileRef = 1A4C376FCE382F2B2A126F5E /* SwapWireframeFactory.swift */; };
		1A4C386E221B453892180BFE /* AMMsWireframe.swift in Sources */ = {isa = PBXBuildFile; fileRef = 1A4C35A00BFF35155C4AD72D /* AMMsWireframe.swift */; };
		1A4C3885680B997E1684F34C /* Network.swift in Sources */ = {isa = PBXBuildFile; fileRef = 1A4C341CE810A41C93A4D896 /* Network.swift */; };
		1A4C38B3B9AA2A7910821782 /* AMMsInteractor.swift in Sources */ = {isa = PBXBuildFile; fileRef = 1A4C309D73324E169A4CD1C9 /* AMMsInteractor.swift */; };
		1A4C3907090271B34B3F8F4E /* RootWireframe.swift in Sources */ = {isa = PBXBuildFile; fileRef = 1A4C3D0EF3DBE9AC06A05512 /* RootWireframe.swift */; };
		1A4C39119C04EB0DE3B90F12 /* RootView.swift in Sources */ = {isa = PBXBuildFile; fileRef = 1A4C3A08014FC9721FC2557C /* RootView.swift */; };
		1A4C3926E0A2F1B6A2CF3040 /* NetworksView.swift in Sources */ = {isa = PBXBuildFile; fileRef = 1A4C36211D0CAC7CD3E2B39B /* NetworksView.swift */; };
		1A4C3946A210F5A781EAC827 /* UILabel+extensions.swift in Sources */ = {isa = PBXBuildFile; fileRef = 1A4C39B21512118DB853A3E3 /* UILabel+extensions.swift */; };
		1A4C39A545EC7DA7D3253450 /* DashboardViewModel.swift in Sources */ = {isa = PBXBuildFile; fileRef = 1A4C325D5EF4C18FCD3B1472 /* DashboardViewModel.swift */; };
		1A4C39B2514D23D66B1540A1 /* DegenInteractor.swift in Sources */ = {isa = PBXBuildFile; fileRef = 1A4C3488BA01A7A891884D67 /* DegenInteractor.swift */; };
		1A4C39D40DEC9C42A6CF8D8A /* WalletsViewModel.swift in Sources */ = {isa = PBXBuildFile; fileRef = 1A4C3228507ADBCE1C99C219 /* WalletsViewModel.swift */; };
		1A4C39EAC9477080E80A6C07 /* EdgeCardsController.swift in Sources */ = {isa = PBXBuildFile; fileRef = 1A4C3178DA54CD0800157DD5 /* EdgeCardsController.swift */; };
		1A4C39EEFEA6A4B3265F6B13 /* DashboardHeaderView.swift in Sources */ = {isa = PBXBuildFile; fileRef = 1A4C30949FD84F7C8504D081 /* DashboardHeaderView.swift */; };
		1A4C3A1288CD2259782890A2 /* AccountChartCell.swift in Sources */ = {isa = PBXBuildFile; fileRef = 1A4C33DC42CC7C1EA5D259B5 /* AccountChartCell.swift */; };
		1A4C3A30CFE0E04885B8A474 /* DegenViewModel.swift in Sources */ = {isa = PBXBuildFile; fileRef = 1A4C34E67B135A61BE103648 /* DegenViewModel.swift */; };
		1A4C3A35E90213A3B1D305C1 /* NetworksInteractor.swift in Sources */ = {isa = PBXBuildFile; fileRef = 1A4C3795FDA4A86232F2BA21 /* NetworksInteractor.swift */; };
		1A4C3A585C5375AE91CDA637 /* WalletsWireframeFactory.swift in Sources */ = {isa = PBXBuildFile; fileRef = 1A4C3C514ACC30A0AC4707FA /* WalletsWireframeFactory.swift */; };
		1A4C3A7D319E0444A98E52AD /* AMMsViewModel.swift in Sources */ = {isa = PBXBuildFile; fileRef = 1A4C3811EC67D01771B97011 /* AMMsViewModel.swift */; };
		1A4C3AD382E8BADCBE160CBC /* DApp.swift in Sources */ = {isa = PBXBuildFile; fileRef = 1A4C375870963EEF9ECBE64B /* DApp.swift */; };
		1A4C3AD8FA91A29BF8F75C90 /* SettingsWireframe.swift in Sources */ = {isa = PBXBuildFile; fileRef = 1A4C3142E4B087299DA8113B /* SettingsWireframe.swift */; };
		1A4C3B15334CF0B046208C20 /* AppsInteractor.swift in Sources */ = {isa = PBXBuildFile; fileRef = 1A4C39C411BA3C3F080EB746 /* AppsInteractor.swift */; };
		1A4C3B1D9B56685FF628A0AD /* DegenService.swift in Sources */ = {isa = PBXBuildFile; fileRef = 1A4C34077200A9E856B77DDF /* DegenService.swift */; };
		1A4C3B37A19807994E4E1D08 /* NetworksWireframeFactory.swift in Sources */ = {isa = PBXBuildFile; fileRef = 1A4C30B213A6E8FFA7D0D41D /* NetworksWireframeFactory.swift */; };
		1A4C3B478F3654BE3ECEC0DA /* DashboardPresenter.swift in Sources */ = {isa = PBXBuildFile; fileRef = 1A4C38F6C66189309E695B99 /* DashboardPresenter.swift */; };
		1A4C3B49BC67AF7AA3BF0D8F /* VisualEffectView.swift in Sources */ = {isa = PBXBuildFile; fileRef = 1A4C3644A9D218CC991B2A56 /* VisualEffectView.swift */; };
		1A4C3B6D2DFADBE2EF71F3A5 /* Settings.swift in Sources */ = {isa = PBXBuildFile; fileRef = 1A4C3DED61DB8FC18EFD5B0B /* Settings.swift */; };
		1A4C3BB851D9D2E9DD472284 /* NFTsViewModel.swift in Sources */ = {isa = PBXBuildFile; fileRef = 1A4C3EB46866FC10CA58C6F8 /* NFTsViewModel.swift */; };
		1A4C3BE0E686AF5D6FB08274 /* UIViewEffectViewiOS14.swift in Sources */ = {isa = PBXBuildFile; fileRef = 1A4C38CF747765ADAC893B99 /* UIViewEffectViewiOS14.swift */; };
		1A4C3C28443621328248F5A7 /* CandlesViewViewModel.swift in Sources */ = {isa = PBXBuildFile; fileRef = 1A4C344022DBA2423C0F15F6 /* CandlesViewViewModel.swift */; };
		1A4C3C57B341513B1AA26C06 /* AMMsPresenter.swift in Sources */ = {isa = PBXBuildFile; fileRef = 1A4C3A1643AAB35AA35FED36 /* AMMsPresenter.swift */; };
		1A4C3C58ECBCC69942A9138C /* DashboardInteractor.swift in Sources */ = {isa = PBXBuildFile; fileRef = 1A4C306F77C13B435A1FBF17 /* DashboardInteractor.swift */; };
		1A4C3C9B866507D8700399F6 /* WalletsService.swift in Sources */ = {isa = PBXBuildFile; fileRef = 1A4C36CAEB50425CE9839ED4 /* WalletsService.swift */; };
		1A4C3CAD628F53A5AC474755 /* AppsWireframe.swift in Sources */ = {isa = PBXBuildFile; fileRef = 1A4C331E828DAA4D2E628435 /* AppsWireframe.swift */; };
		1A4C3CED9DCF513FA0635AF8 /* AccountMarketInfoCell.swift in Sources */ = {isa = PBXBuildFile; fileRef = 1A4C3E061DB981F9ABA24321 /* AccountMarketInfoCell.swift */; };
		1A4C3CF20692E06134002287 /* SettingsCell.swift in Sources */ = {isa = PBXBuildFile; fileRef = 1A4C37840D018B26EF2993AB /* SettingsCell.swift */; };
		1A4C3D05769E141EF98C06E4 /* RootWireframeFactory.swift in Sources */ = {isa = PBXBuildFile; fileRef = 1A4C3DF2370620D3B04E431A /* RootWireframeFactory.swift */; };
		1A4C3D2C7310ABD59AFAE725 /* AMMsWireframeFactory.swift in Sources */ = {isa = PBXBuildFile; fileRef = 1A4C3A93ADEAA6317E2F1134 /* AMMsWireframeFactory.swift */; };
		1A4C3D4A1F1632A702FC042A /* AccountViewModel.swift in Sources */ = {isa = PBXBuildFile; fileRef = 1A4C3A962E47E54F5A5779D3 /* AccountViewModel.swift */; };
		1A4C3D827C6C472784CC40E7 /* SwapWireframe.swift in Sources */ = {isa = PBXBuildFile; fileRef = 1A4C3E963BBDDF8226B79BAD /* SwapWireframe.swift */; };
		1A4C3D9BD9F5A146878AFF77 /* WalletsWireframe.swift in Sources */ = {isa = PBXBuildFile; fileRef = 1A4C3DF93F3CE8FE0B35C142 /* WalletsWireframe.swift */; };
		1A4C3DCFC8658400B9BCBF78 /* DegenSectionTitleView.swift in Sources */ = {isa = PBXBuildFile; fileRef = 1A4C374E321C93128CF3FB91 /* DegenSectionTitleView.swift */; };
		1A4C3DE2637107E90B7B1CD9 /* Store.swift in Sources */ = {isa = PBXBuildFile; fileRef = 1A4C3B70AA1B0BC942B15671 /* Store.swift */; };
		1A4C3DF45C45C609B1F976B7 /* AccountTransactionCell.swift in Sources */ = {isa = PBXBuildFile; fileRef = 1A4C3DF58C2B32C6B6C096F8 /* AccountTransactionCell.swift */; };
		1A4C3E0C34560AC1BF22B95E /* NFTsWireframe.swift in Sources */ = {isa = PBXBuildFile; fileRef = 1A4C325A83A0FC4E6A5A9922 /* NFTsWireframe.swift */; };
		1A4C3EB4D429242923984C76 /* DefaultButton.swift in Sources */ = {isa = PBXBuildFile; fileRef = 1A4C3378B5287B6A9BDE65CD /* DefaultButton.swift */; };
		1A4C3F03560BB09F68E7AC30 /* SettingsInteractor.swift in Sources */ = {isa = PBXBuildFile; fileRef = 1A4C35A4D936F0DA1D74826B /* SettingsInteractor.swift */; };
		1A4C3F081D1B594B9EAF4F7E /* NFTsCell.swift in Sources */ = {isa = PBXBuildFile; fileRef = 1A4C3CD454B957F1787FE70A /* NFTsCell.swift */; };
		1A4C3F2AC8A8B59020F63712 /* WalletsInteractor.swift in Sources */ = {isa = PBXBuildFile; fileRef = 1A4C3044DC83E6A35A00DC12 /* WalletsInteractor.swift */; };
		1A4C3F98A4FAA65828C73E5C /* NFTsService.swift in Sources */ = {isa = PBXBuildFile; fileRef = 1A4C381E5BD7D51D99E29B27 /* NFTsService.swift */; };
		1A4C3FB6CFD08955BEAA32D9 /* DAppCategory.swift in Sources */ = {isa = PBXBuildFile; fileRef = 1A4C39D2D7698A760E497CA7 /* DAppCategory.swift */; };
		1A4C3FC333CF4459025710E5 /* NFTsView.swift in Sources */ = {isa = PBXBuildFile; fileRef = 1A4C38A2039D19A2E5507CF2 /* NFTsView.swift */; };
		D116CF2827C2531E005542AA /* Array+Extensions.swift in Sources */ = {isa = PBXBuildFile; fileRef = D116CF2727C2531E005542AA /* Array+Extensions.swift */; };
		D11A990027B8615B00EDFDD0 /* GothicA1-ExtraLight.ttf in Resources */ = {isa = PBXBuildFile; fileRef = D11A98F527B8615B00EDFDD0 /* GothicA1-ExtraLight.ttf */; };
		D11A990127B8615B00EDFDD0 /* GothicA1-Regular.ttf in Resources */ = {isa = PBXBuildFile; fileRef = D11A98F627B8615B00EDFDD0 /* GothicA1-Regular.ttf */; };
		D11A990227B8615B00EDFDD0 /* GothicA1-Light.ttf in Resources */ = {isa = PBXBuildFile; fileRef = D11A98F727B8615B00EDFDD0 /* GothicA1-Light.ttf */; };
		D11A990327B8615B00EDFDD0 /* GothicA1-Thin.ttf in Resources */ = {isa = PBXBuildFile; fileRef = D11A98F827B8615B00EDFDD0 /* GothicA1-Thin.ttf */; };
		D11A990427B8615B00EDFDD0 /* GothicA1-Bold.ttf in Resources */ = {isa = PBXBuildFile; fileRef = D11A98F927B8615B00EDFDD0 /* GothicA1-Bold.ttf */; };
		D11A990527B8615B00EDFDD0 /* GothicA1-ExtraBold.ttf in Resources */ = {isa = PBXBuildFile; fileRef = D11A98FA27B8615B00EDFDD0 /* GothicA1-ExtraBold.ttf */; };
		D11A990627B8615B00EDFDD0 /* OFL.txt in Resources */ = {isa = PBXBuildFile; fileRef = D11A98FB27B8615B00EDFDD0 /* OFL.txt */; };
		D11A990727B8615B00EDFDD0 /* GothicA1-Medium.ttf in Resources */ = {isa = PBXBuildFile; fileRef = D11A98FC27B8615B00EDFDD0 /* GothicA1-Medium.ttf */; };
		D11A990827B8615B00EDFDD0 /* GothicA1-Black.ttf in Resources */ = {isa = PBXBuildFile; fileRef = D11A98FD27B8615B00EDFDD0 /* GothicA1-Black.ttf */; };
		D11A990927B8615B00EDFDD0 /* GothicA1-SemiBold.ttf in Resources */ = {isa = PBXBuildFile; fileRef = D11A98FE27B8615B00EDFDD0 /* GothicA1-SemiBold.ttf */; };
		D11A990A27B8615B00EDFDD0 /* NothingYouCouldDo-Regular.ttf in Resources */ = {isa = PBXBuildFile; fileRef = D11A98FF27B8615B00EDFDD0 /* NothingYouCouldDo-Regular.ttf */; };
		D11A990F27B99D1800EDFDD0 /* AnyDecodable.swift in Sources */ = {isa = PBXBuildFile; fileRef = D11A990C27B99D1800EDFDD0 /* AnyDecodable.swift */; };
		D11A991027B99D1800EDFDD0 /* AnyCodable.swift in Sources */ = {isa = PBXBuildFile; fileRef = D11A990D27B99D1800EDFDD0 /* AnyCodable.swift */; };
		D11A991127B99D1800EDFDD0 /* AnyEncodable.swift in Sources */ = {isa = PBXBuildFile; fileRef = D11A990E27B99D1800EDFDD0 /* AnyEncodable.swift */; };
		D14ECE3927B833E500228F90 /* Localizable.strings in Resources */ = {isa = PBXBuildFile; fileRef = D14ECE3827B833E500228F90 /* Localizable.strings */; };
		D157F7CB27B69B6300578FF8 /* AppDelegate.swift in Sources */ = {isa = PBXBuildFile; fileRef = D157F7CA27B69B6300578FF8 /* AppDelegate.swift */; };
		D157F7CD27B69B6300578FF8 /* SceneDelegate.swift in Sources */ = {isa = PBXBuildFile; fileRef = D157F7CC27B69B6300578FF8 /* SceneDelegate.swift */; };
		D157F7CF27B69B6300578FF8 /* ViewController.swift in Sources */ = {isa = PBXBuildFile; fileRef = D157F7CE27B69B6300578FF8 /* ViewController.swift */; };
		D157F7D227B69B6300578FF8 /* Main.storyboard in Resources */ = {isa = PBXBuildFile; fileRef = D157F7D027B69B6300578FF8 /* Main.storyboard */; };
		D157F7D427B69B6400578FF8 /* Assets.xcassets in Resources */ = {isa = PBXBuildFile; fileRef = D157F7D327B69B6400578FF8 /* Assets.xcassets */; };
		D157F7D727B69B6400578FF8 /* LaunchScreen.storyboard in Resources */ = {isa = PBXBuildFile; fileRef = D157F7D527B69B6400578FF8 /* LaunchScreen.storyboard */; };
		D157F7E227B69B6400578FF8 /* web3walletTests.swift in Sources */ = {isa = PBXBuildFile; fileRef = D157F7E127B69B6400578FF8 /* web3walletTests.swift */; };
		D157F7EC27B69B6400578FF8 /* web3walletUITests.swift in Sources */ = {isa = PBXBuildFile; fileRef = D157F7EB27B69B6400578FF8 /* web3walletUITests.swift */; };
		D157F7EE27B69B6400578FF8 /* web3walletUITestsLaunchTests.swift in Sources */ = {isa = PBXBuildFile; fileRef = D157F7ED27B69B6400578FF8 /* web3walletUITestsLaunchTests.swift */; };
		D15B06C327B6D23C008C3C62 /* GradienView.swift in Sources */ = {isa = PBXBuildFile; fileRef = D15B06C227B6D23C008C3C62 /* GradienView.swift */; };
		D15B06C727B72111008C3C62 /* WalletsView.swift in Sources */ = {isa = PBXBuildFile; fileRef = D15B06C627B72111008C3C62 /* WalletsView.swift */; };
/* End PBXBuildFile section */

/* Begin PBXContainerItemProxy section */
		D157F7DE27B69B6400578FF8 /* PBXContainerItemProxy */ = {
			isa = PBXContainerItemProxy;
			containerPortal = D157F7BF27B69B6300578FF8 /* Project object */;
			proxyType = 1;
			remoteGlobalIDString = D157F7C627B69B6300578FF8;
			remoteInfo = web3wallet;
		};
		D157F7E827B69B6400578FF8 /* PBXContainerItemProxy */ = {
			isa = PBXContainerItemProxy;
			containerPortal = D157F7BF27B69B6300578FF8 /* Project object */;
			proxyType = 1;
			remoteGlobalIDString = D157F7C627B69B6300578FF8;
			remoteInfo = web3wallet;
		};
/* End PBXContainerItemProxy section */

/* Begin PBXFileReference section */
		1A4C300AF1693AEBB5E5DD97 /* UIView+extensions.swift */ = {isa = PBXFileReference; fileEncoding = 4; lastKnownFileType = sourcecode.swift; path = "UIView+extensions.swift"; sourceTree = "<group>"; };
		1A4C300D073ABE25FC79D4A9 /* CollectionViewCell.swift */ = {isa = PBXFileReference; fileEncoding = 4; lastKnownFileType = sourcecode.swift; path = CollectionViewCell.swift; sourceTree = "<group>"; };
		1A4C3044DC83E6A35A00DC12 /* WalletsInteractor.swift */ = {isa = PBXFileReference; fileEncoding = 4; lastKnownFileType = sourcecode.swift; path = WalletsInteractor.swift; sourceTree = "<group>"; };
		1A4C306F77C13B435A1FBF17 /* DashboardInteractor.swift */ = {isa = PBXFileReference; fileEncoding = 4; lastKnownFileType = sourcecode.swift; path = DashboardInteractor.swift; sourceTree = "<group>"; };
		1A4C308E7095014B9BF80912 /* AMMsCell.swift */ = {isa = PBXFileReference; fileEncoding = 4; lastKnownFileType = sourcecode.swift; path = AMMsCell.swift; sourceTree = "<group>"; };
		1A4C30949FD84F7C8504D081 /* DashboardHeaderView.swift */ = {isa = PBXFileReference; fileEncoding = 4; lastKnownFileType = sourcecode.swift; path = DashboardHeaderView.swift; sourceTree = "<group>"; };
		1A4C309894247AA73F274756 /* TabBarController.swift */ = {isa = PBXFileReference; fileEncoding = 4; lastKnownFileType = sourcecode.swift; path = TabBarController.swift; sourceTree = "<group>"; };
		1A4C309D73324E169A4CD1C9 /* AMMsInteractor.swift */ = {isa = PBXFileReference; fileEncoding = 4; lastKnownFileType = sourcecode.swift; path = AMMsInteractor.swift; sourceTree = "<group>"; };
		1A4C30B09D7FCDB08590118B /* AccountPresenter.swift */ = {isa = PBXFileReference; fileEncoding = 4; lastKnownFileType = sourcecode.swift; path = AccountPresenter.swift; sourceTree = "<group>"; };
		1A4C30B213A6E8FFA7D0D41D /* NetworksWireframeFactory.swift */ = {isa = PBXFileReference; fileEncoding = 4; lastKnownFileType = sourcecode.swift; path = NetworksWireframeFactory.swift; sourceTree = "<group>"; };
		1A4C310A6D460422DB18D0BF /* UIStoryboard+extensions.swift */ = {isa = PBXFileReference; fileEncoding = 4; lastKnownFileType = sourcecode.swift; path = "UIStoryboard+extensions.swift"; sourceTree = "<group>"; };
		1A4C3114D1ECD9B2A75BCD96 /* AccountSectionHeader.swift */ = {isa = PBXFileReference; fileEncoding = 4; lastKnownFileType = sourcecode.swift; path = AccountSectionHeader.swift; sourceTree = "<group>"; };
		1A4C3142E4B087299DA8113B /* SettingsWireframe.swift */ = {isa = PBXFileReference; fileEncoding = 4; lastKnownFileType = sourcecode.swift; path = SettingsWireframe.swift; sourceTree = "<group>"; };
		1A4C3152690E35122D56F0C6 /* SettingsWireframeFactory.swift */ = {isa = PBXFileReference; fileEncoding = 4; lastKnownFileType = sourcecode.swift; path = SettingsWireframeFactory.swift; sourceTree = "<group>"; };
		1A4C3178DA54CD0800157DD5 /* EdgeCardsController.swift */ = {isa = PBXFileReference; fileEncoding = 4; lastKnownFileType = sourcecode.swift; path = EdgeCardsController.swift; sourceTree = "<group>"; };
		1A4C317BB445643CDEAB4690 /* SwapInteractor.swift */ = {isa = PBXFileReference; fileEncoding = 4; lastKnownFileType = sourcecode.swift; path = SwapInteractor.swift; sourceTree = "<group>"; };
		1A4C3226ECC6247E9092F6EF /* WalletsPresenter.swift */ = {isa = PBXFileReference; fileEncoding = 4; lastKnownFileType = sourcecode.swift; path = WalletsPresenter.swift; sourceTree = "<group>"; };
		1A4C3228507ADBCE1C99C219 /* WalletsViewModel.swift */ = {isa = PBXFileReference; fileEncoding = 4; lastKnownFileType = sourcecode.swift; path = WalletsViewModel.swift; sourceTree = "<group>"; };
		1A4C3228790C1569B37F5179 /* AppsService.swift */ = {isa = PBXFileReference; fileEncoding = 4; lastKnownFileType = sourcecode.swift; path = AppsService.swift; sourceTree = "<group>"; };
		1A4C3228A51AE19D8D21760A /* AppsCell.swift */ = {isa = PBXFileReference; fileEncoding = 4; lastKnownFileType = sourcecode.swift; path = AppsCell.swift; sourceTree = "<group>"; };
		1A4C325A83A0FC4E6A5A9922 /* NFTsWireframe.swift */ = {isa = PBXFileReference; fileEncoding = 4; lastKnownFileType = sourcecode.swift; path = NFTsWireframe.swift; sourceTree = "<group>"; };
		1A4C325D5EF4C18FCD3B1472 /* DashboardViewModel.swift */ = {isa = PBXFileReference; fileEncoding = 4; lastKnownFileType = sourcecode.swift; path = DashboardViewModel.swift; sourceTree = "<group>"; };
		1A4C3270725B54B420CDCAD0 /* AMMsView.swift */ = {isa = PBXFileReference; fileEncoding = 4; lastKnownFileType = sourcecode.swift; path = AMMsView.swift; sourceTree = "<group>"; };
		1A4C32C282B76B064343657F /* DegenWireframe.swift */ = {isa = PBXFileReference; fileEncoding = 4; lastKnownFileType = sourcecode.swift; path = DegenWireframe.swift; sourceTree = "<group>"; };
		1A4C32C53B06B5EA8EE01118 /* AppsViewModel.swift */ = {isa = PBXFileReference; fileEncoding = 4; lastKnownFileType = sourcecode.swift; path = AppsViewModel.swift; sourceTree = "<group>"; };
		1A4C330512BFD12BAFED0D12 /* CALayer+Extension.swift */ = {isa = PBXFileReference; fileEncoding = 4; lastKnownFileType = sourcecode.swift; path = "CALayer+Extension.swift"; sourceTree = "<group>"; };
		1A4C331E828DAA4D2E628435 /* AppsWireframe.swift */ = {isa = PBXFileReference; fileEncoding = 4; lastKnownFileType = sourcecode.swift; path = AppsWireframe.swift; sourceTree = "<group>"; };
		1A4C3342AB2F88E37CE4947A /* Theme.swift */ = {isa = PBXFileReference; fileEncoding = 4; lastKnownFileType = sourcecode.swift; path = Theme.swift; sourceTree = "<group>"; };
		1A4C3378B5287B6A9BDE65CD /* DefaultButton.swift */ = {isa = PBXFileReference; fileEncoding = 4; lastKnownFileType = sourcecode.swift; path = DefaultButton.swift; sourceTree = "<group>"; };
		1A4C33A7E924C453F503448F /* AppsPresenter.swift */ = {isa = PBXFileReference; fileEncoding = 4; lastKnownFileType = sourcecode.swift; path = AppsPresenter.swift; sourceTree = "<group>"; };
		1A4C33DC42CC7C1EA5D259B5 /* AccountChartCell.swift */ = {isa = PBXFileReference; fileEncoding = 4; lastKnownFileType = sourcecode.swift; path = AccountChartCell.swift; sourceTree = "<group>"; };
		1A4C3404214F8018CDD4F6C4 /* DashboardNFTsCell.swift */ = {isa = PBXFileReference; fileEncoding = 4; lastKnownFileType = sourcecode.swift; path = DashboardNFTsCell.swift; sourceTree = "<group>"; };
		1A4C34077200A9E856B77DDF /* DegenService.swift */ = {isa = PBXFileReference; fileEncoding = 4; lastKnownFileType = sourcecode.swift; path = DegenService.swift; sourceTree = "<group>"; };
		1A4C3412895BFFD5EB8F167E /* SettingsViewModel.swift */ = {isa = PBXFileReference; fileEncoding = 4; lastKnownFileType = sourcecode.swift; path = SettingsViewModel.swift; sourceTree = "<group>"; };
		1A4C341557541950B9132370 /* UIFont+Extension.swift */ = {isa = PBXFileReference; fileEncoding = 4; lastKnownFileType = sourcecode.swift; path = "UIFont+Extension.swift"; sourceTree = "<group>"; };
		1A4C341CE810A41C93A4D896 /* Network.swift */ = {isa = PBXFileReference; fileEncoding = 4; lastKnownFileType = sourcecode.swift; path = Network.swift; sourceTree = "<group>"; };
		1A4C342AEA80F91722BA4C54 /* NetworksPresenter.swift */ = {isa = PBXFileReference; fileEncoding = 4; lastKnownFileType = sourcecode.swift; path = NetworksPresenter.swift; sourceTree = "<group>"; };
		1A4C3439D8A20606BAD5B667 /* UIButton+extensions.swift */ = {isa = PBXFileReference; fileEncoding = 4; lastKnownFileType = sourcecode.swift; path = "UIButton+extensions.swift"; sourceTree = "<group>"; };
		1A4C344022DBA2423C0F15F6 /* CandlesViewViewModel.swift */ = {isa = PBXFileReference; fileEncoding = 4; lastKnownFileType = sourcecode.swift; path = CandlesViewViewModel.swift; sourceTree = "<group>"; };
		1A4C3488BA01A7A891884D67 /* DegenInteractor.swift */ = {isa = PBXFileReference; fileEncoding = 4; lastKnownFileType = sourcecode.swift; path = DegenInteractor.swift; sourceTree = "<group>"; };
		1A4C348CA305DD0F6C190CAE /* SwapViewModel.swift */ = {isa = PBXFileReference; fileEncoding = 4; lastKnownFileType = sourcecode.swift; path = SwapViewModel.swift; sourceTree = "<group>"; };
		1A4C3496668BD6B362FE68B4 /* SwapPresenter.swift */ = {isa = PBXFileReference; fileEncoding = 4; lastKnownFileType = sourcecode.swift; path = SwapPresenter.swift; sourceTree = "<group>"; };
		1A4C34E67B135A61BE103648 /* DegenViewModel.swift */ = {isa = PBXFileReference; fileEncoding = 4; lastKnownFileType = sourcecode.swift; path = DegenViewModel.swift; sourceTree = "<group>"; };
		1A4C351526042456A71B185F /* SwapInputView.swift */ = {isa = PBXFileReference; fileEncoding = 4; lastKnownFileType = sourcecode.swift; path = SwapInputView.swift; sourceTree = "<group>"; };
		1A4C359691FCF66942DF6CEF /* CandlesView.swift */ = {isa = PBXFileReference; fileEncoding = 4; lastKnownFileType = sourcecode.swift; path = CandlesView.swift; sourceTree = "<group>"; };
		1A4C35A00BFF35155C4AD72D /* AMMsWireframe.swift */ = {isa = PBXFileReference; fileEncoding = 4; lastKnownFileType = sourcecode.swift; path = AMMsWireframe.swift; sourceTree = "<group>"; };
		1A4C35A4D936F0DA1D74826B /* SettingsInteractor.swift */ = {isa = PBXFileReference; fileEncoding = 4; lastKnownFileType = sourcecode.swift; path = SettingsInteractor.swift; sourceTree = "<group>"; };
		1A4C35DB40974617FD65E0A1 /* DashboardSectionHeaderView.swift */ = {isa = PBXFileReference; fileEncoding = 4; lastKnownFileType = sourcecode.swift; path = DashboardSectionHeaderView.swift; sourceTree = "<group>"; };
		1A4C36211D0CAC7CD3E2B39B /* NetworksView.swift */ = {isa = PBXFileReference; fileEncoding = 4; lastKnownFileType = sourcecode.swift; path = NetworksView.swift; sourceTree = "<group>"; };
		1A4C3644A9D218CC991B2A56 /* VisualEffectView.swift */ = {isa = PBXFileReference; fileEncoding = 4; lastKnownFileType = sourcecode.swift; path = VisualEffectView.swift; sourceTree = "<group>"; };
		1A4C367A2B3B39204D1DD109 /* DegenCell.swift */ = {isa = PBXFileReference; fileEncoding = 4; lastKnownFileType = sourcecode.swift; path = DegenCell.swift; sourceTree = "<group>"; };
		1A4C36CAEB50425CE9839ED4 /* WalletsService.swift */ = {isa = PBXFileReference; fileEncoding = 4; lastKnownFileType = sourcecode.swift; path = WalletsService.swift; sourceTree = "<group>"; };
		1A4C374E321C93128CF3FB91 /* DegenSectionTitleView.swift */ = {isa = PBXFileReference; fileEncoding = 4; lastKnownFileType = sourcecode.swift; path = DegenSectionTitleView.swift; sourceTree = "<group>"; };
		1A4C375870963EEF9ECBE64B /* DApp.swift */ = {isa = PBXFileReference; fileEncoding = 4; lastKnownFileType = sourcecode.swift; path = DApp.swift; sourceTree = "<group>"; };
		1A4C376D2673983B26F249FF /* Wallet.swift */ = {isa = PBXFileReference; fileEncoding = 4; lastKnownFileType = sourcecode.swift; path = Wallet.swift; sourceTree = "<group>"; };
		1A4C376FCE382F2B2A126F5E /* SwapWireframeFactory.swift */ = {isa = PBXFileReference; fileEncoding = 4; lastKnownFileType = sourcecode.swift; path = SwapWireframeFactory.swift; sourceTree = "<group>"; };
		1A4C37840D018B26EF2993AB /* SettingsCell.swift */ = {isa = PBXFileReference; fileEncoding = 4; lastKnownFileType = sourcecode.swift; path = SettingsCell.swift; sourceTree = "<group>"; };
		1A4C3795FDA4A86232F2BA21 /* NetworksInteractor.swift */ = {isa = PBXFileReference; fileEncoding = 4; lastKnownFileType = sourcecode.swift; path = NetworksInteractor.swift; sourceTree = "<group>"; };
		1A4C37E7FEEE448ABFD2A86C /* NetworksCell.swift */ = {isa = PBXFileReference; fileEncoding = 4; lastKnownFileType = sourcecode.swift; path = NetworksCell.swift; sourceTree = "<group>"; };
		1A4C3811EC67D01771B97011 /* AMMsViewModel.swift */ = {isa = PBXFileReference; fileEncoding = 4; lastKnownFileType = sourcecode.swift; path = AMMsViewModel.swift; sourceTree = "<group>"; };
		1A4C381E5BD7D51D99E29B27 /* NFTsService.swift */ = {isa = PBXFileReference; fileEncoding = 4; lastKnownFileType = sourcecode.swift; path = NFTsService.swift; sourceTree = "<group>"; };
		1A4C3831549FBA4F68E7224D /* NetworksViewModel.swift */ = {isa = PBXFileReference; fileEncoding = 4; lastKnownFileType = sourcecode.swift; path = NetworksViewModel.swift; sourceTree = "<group>"; };
		1A4C388B9A42E6A279D2867F /* AccountService.swift */ = {isa = PBXFileReference; fileEncoding = 4; lastKnownFileType = sourcecode.swift; path = AccountService.swift; sourceTree = "<group>"; };
		1A4C38A2039D19A2E5507CF2 /* NFTsView.swift */ = {isa = PBXFileReference; fileEncoding = 4; lastKnownFileType = sourcecode.swift; path = NFTsView.swift; sourceTree = "<group>"; };
		1A4C38B1678950FD61E91FAD /* AccountInteractor.swift */ = {isa = PBXFileReference; fileEncoding = 4; lastKnownFileType = sourcecode.swift; path = AccountInteractor.swift; sourceTree = "<group>"; };
		1A4C38CF747765ADAC893B99 /* UIViewEffectViewiOS14.swift */ = {isa = PBXFileReference; fileEncoding = 4; lastKnownFileType = sourcecode.swift; path = UIViewEffectViewiOS14.swift; sourceTree = "<group>"; };
		1A4C38F6C66189309E695B99 /* DashboardPresenter.swift */ = {isa = PBXFileReference; fileEncoding = 4; lastKnownFileType = sourcecode.swift; path = DashboardPresenter.swift; sourceTree = "<group>"; };
		1A4C39B21512118DB853A3E3 /* UILabel+extensions.swift */ = {isa = PBXFileReference; fileEncoding = 4; lastKnownFileType = sourcecode.swift; path = "UILabel+extensions.swift"; sourceTree = "<group>"; };
		1A4C39C411BA3C3F080EB746 /* AppsInteractor.swift */ = {isa = PBXFileReference; fileEncoding = 4; lastKnownFileType = sourcecode.swift; path = AppsInteractor.swift; sourceTree = "<group>"; };
		1A4C39D2D7698A760E497CA7 /* DAppCategory.swift */ = {isa = PBXFileReference; fileEncoding = 4; lastKnownFileType = sourcecode.swift; path = DAppCategory.swift; sourceTree = "<group>"; };
		1A4C39FB21CCAF442F3001E6 /* Global.swift */ = {isa = PBXFileReference; fileEncoding = 4; lastKnownFileType = sourcecode.swift; path = Global.swift; sourceTree = "<group>"; };
		1A4C3A05642605E68164E3B1 /* DashboardWireframe.swift */ = {isa = PBXFileReference; fileEncoding = 4; lastKnownFileType = sourcecode.swift; path = DashboardWireframe.swift; sourceTree = "<group>"; };
		1A4C3A08014FC9721FC2557C /* RootView.swift */ = {isa = PBXFileReference; fileEncoding = 4; lastKnownFileType = sourcecode.swift; path = RootView.swift; sourceTree = "<group>"; };
		1A4C3A1643AAB35AA35FED36 /* AMMsPresenter.swift */ = {isa = PBXFileReference; fileEncoding = 4; lastKnownFileType = sourcecode.swift; path = AMMsPresenter.swift; sourceTree = "<group>"; };
		1A4C3A6BF41648FE8A9E60AA /* DashboardWalletCell.swift */ = {isa = PBXFileReference; fileEncoding = 4; lastKnownFileType = sourcecode.swift; path = DashboardWalletCell.swift; sourceTree = "<group>"; };
		1A4C3A93ADEAA6317E2F1134 /* AMMsWireframeFactory.swift */ = {isa = PBXFileReference; fileEncoding = 4; lastKnownFileType = sourcecode.swift; path = AMMsWireframeFactory.swift; sourceTree = "<group>"; };
		1A4C3A962E47E54F5A5779D3 /* AccountViewModel.swift */ = {isa = PBXFileReference; fileEncoding = 4; lastKnownFileType = sourcecode.swift; path = AccountViewModel.swift; sourceTree = "<group>"; };
		1A4C3ABC7FAC24D9539B1BDA /* AccountWireframeFactory.swift */ = {isa = PBXFileReference; fileEncoding = 4; lastKnownFileType = sourcecode.swift; path = AccountWireframeFactory.swift; sourceTree = "<group>"; };
		1A4C3ABEEF88DD643AF4D7AD /* AccountWireframe.swift */ = {isa = PBXFileReference; fileEncoding = 4; lastKnownFileType = sourcecode.swift; path = AccountWireframe.swift; sourceTree = "<group>"; };
		1A4C3AC0CCE82EB56DABDC66 /* AccountHeaderCell.swift */ = {isa = PBXFileReference; fileEncoding = 4; lastKnownFileType = sourcecode.swift; path = AccountHeaderCell.swift; sourceTree = "<group>"; };
		1A4C3AD5ED12A2AC7B3218C9 /* NetworksWireframe.swift */ = {isa = PBXFileReference; fileEncoding = 4; lastKnownFileType = sourcecode.swift; path = NetworksWireframe.swift; sourceTree = "<group>"; };
		1A4C3ADE5C8CD3D3CBB36547 /* UIBarButtonItem.swift */ = {isa = PBXFileReference; fileEncoding = 4; lastKnownFileType = sourcecode.swift; path = UIBarButtonItem.swift; sourceTree = "<group>"; };
		1A4C3B2EA3B98315F0F10172 /* WalletCell.swift */ = {isa = PBXFileReference; fileEncoding = 4; lastKnownFileType = sourcecode.swift; path = WalletCell.swift; sourceTree = "<group>"; };
		1A4C3B638AF302821340E527 /* RootPresenter.swift */ = {isa = PBXFileReference; fileEncoding = 4; lastKnownFileType = sourcecode.swift; path = RootPresenter.swift; sourceTree = "<group>"; };
		1A4C3B70AA1B0BC942B15671 /* Store.swift */ = {isa = PBXFileReference; fileEncoding = 4; lastKnownFileType = sourcecode.swift; path = Store.swift; sourceTree = "<group>"; };
		1A4C3B869A93171279B2C6ED /* DegenWireframeFactory.swift */ = {isa = PBXFileReference; fileEncoding = 4; lastKnownFileType = sourcecode.swift; path = DegenWireframeFactory.swift; sourceTree = "<group>"; };
		1A4C3B92FA152550A06D3D31 /* DashboardWireframeFactory.swift */ = {isa = PBXFileReference; fileEncoding = 4; lastKnownFileType = sourcecode.swift; path = DashboardWireframeFactory.swift; sourceTree = "<group>"; };
		1A4C3B98696DF5EF5AC52C07 /* DegenPresenter.swift */ = {isa = PBXFileReference; fileEncoding = 4; lastKnownFileType = sourcecode.swift; path = DegenPresenter.swift; sourceTree = "<group>"; };
		1A4C3BBAA5D729DC128BA1A7 /* UIColor+Extensions.swift */ = {isa = PBXFileReference; fileEncoding = 4; lastKnownFileType = sourcecode.swift; path = "UIColor+Extensions.swift"; sourceTree = "<group>"; };
		1A4C3BFA6EDB1E94BEF92E59 /* Formatter+Extensions.swift */ = {isa = PBXFileReference; fileEncoding = 4; lastKnownFileType = sourcecode.swift; path = "Formatter+Extensions.swift"; sourceTree = "<group>"; };
		1A4C3C514ACC30A0AC4707FA /* WalletsWireframeFactory.swift */ = {isa = PBXFileReference; fileEncoding = 4; lastKnownFileType = sourcecode.swift; path = WalletsWireframeFactory.swift; sourceTree = "<group>"; };
		1A4C3C7AC11249D1DE6C554C /* NFTsWireframeFactory.swift */ = {isa = PBXFileReference; fileEncoding = 4; lastKnownFileType = sourcecode.swift; path = NFTsWireframeFactory.swift; sourceTree = "<group>"; };
		1A4C3C8A8E2CDDB9F01205E5 /* NavigationController.swift */ = {isa = PBXFileReference; fileEncoding = 4; lastKnownFileType = sourcecode.swift; path = NavigationController.swift; sourceTree = "<group>"; };
		1A4C3CD454B957F1787FE70A /* NFTsCell.swift */ = {isa = PBXFileReference; fileEncoding = 4; lastKnownFileType = sourcecode.swift; path = NFTsCell.swift; sourceTree = "<group>"; };
		1A4C3CD7A1F1A86851EC2BA5 /* UICollectionView+Extensions.swift */ = {isa = PBXFileReference; fileEncoding = 4; lastKnownFileType = sourcecode.swift; path = "UICollectionView+Extensions.swift"; sourceTree = "<group>"; };
		1A4C3D0EF3DBE9AC06A05512 /* RootWireframe.swift */ = {isa = PBXFileReference; fileEncoding = 4; lastKnownFileType = sourcecode.swift; path = RootWireframe.swift; sourceTree = "<group>"; };
		1A4C3D1809D506A7AE772982 /* NSLocalizedString+extension.swift */ = {isa = PBXFileReference; fileEncoding = 4; lastKnownFileType = sourcecode.swift; path = "NSLocalizedString+extension.swift"; sourceTree = "<group>"; };
		1A4C3D1FBA47E23C9207B49B /* AppsView.swift */ = {isa = PBXFileReference; fileEncoding = 4; lastKnownFileType = sourcecode.swift; path = AppsView.swift; sourceTree = "<group>"; };
		1A4C3D9896E7F3F3E51A9F29 /* DegenView.swift */ = {isa = PBXFileReference; fileEncoding = 4; lastKnownFileType = sourcecode.swift; path = DegenView.swift; sourceTree = "<group>"; };
		1A4C3DAB38F681061328F3F0 /* NetworksService.swift */ = {isa = PBXFileReference; fileEncoding = 4; lastKnownFileType = sourcecode.swift; path = NetworksService.swift; sourceTree = "<group>"; };
		1A4C3DED61DB8FC18EFD5B0B /* Settings.swift */ = {isa = PBXFileReference; fileEncoding = 4; lastKnownFileType = sourcecode.swift; path = Settings.swift; sourceTree = "<group>"; };
		1A4C3DF2370620D3B04E431A /* RootWireframeFactory.swift */ = {isa = PBXFileReference; fileEncoding = 4; lastKnownFileType = sourcecode.swift; path = RootWireframeFactory.swift; sourceTree = "<group>"; };
		1A4C3DF58C2B32C6B6C096F8 /* AccountTransactionCell.swift */ = {isa = PBXFileReference; fileEncoding = 4; lastKnownFileType = sourcecode.swift; path = AccountTransactionCell.swift; sourceTree = "<group>"; };
		1A4C3DF93F3CE8FE0B35C142 /* WalletsWireframe.swift */ = {isa = PBXFileReference; fileEncoding = 4; lastKnownFileType = sourcecode.swift; path = WalletsWireframe.swift; sourceTree = "<group>"; };
		1A4C3E061DB981F9ABA24321 /* AccountMarketInfoCell.swift */ = {isa = PBXFileReference; fileEncoding = 4; lastKnownFileType = sourcecode.swift; path = AccountMarketInfoCell.swift; sourceTree = "<group>"; };
		1A4C3E187671FB1882E89DB7 /* NFTsPresenter.swift */ = {isa = PBXFileReference; fileEncoding = 4; lastKnownFileType = sourcecode.swift; path = NFTsPresenter.swift; sourceTree = "<group>"; };
		1A4C3E735403B7DA9910563D /* AppsWireframeFactory.swift */ = {isa = PBXFileReference; fileEncoding = 4; lastKnownFileType = sourcecode.swift; path = AppsWireframeFactory.swift; sourceTree = "<group>"; };
		1A4C3E963BBDDF8226B79BAD /* SwapWireframe.swift */ = {isa = PBXFileReference; fileEncoding = 4; lastKnownFileType = sourcecode.swift; path = SwapWireframe.swift; sourceTree = "<group>"; };
		1A4C3EA05614AEAEC1389A4E /* AccountView.swift */ = {isa = PBXFileReference; fileEncoding = 4; lastKnownFileType = sourcecode.swift; path = AccountView.swift; sourceTree = "<group>"; };
		1A4C3EB46866FC10CA58C6F8 /* NFTsViewModel.swift */ = {isa = PBXFileReference; fileEncoding = 4; lastKnownFileType = sourcecode.swift; path = NFTsViewModel.swift; sourceTree = "<group>"; };
		1A4C3EB64DCA0D9104342F0C /* SettingsPresenter.swift */ = {isa = PBXFileReference; fileEncoding = 4; lastKnownFileType = sourcecode.swift; path = SettingsPresenter.swift; sourceTree = "<group>"; };
		1A4C3EDBCEBB09F678C9E934 /* DashboardView.swift */ = {isa = PBXFileReference; fileEncoding = 4; lastKnownFileType = sourcecode.swift; path = DashboardView.swift; sourceTree = "<group>"; };
		1A4C3EE3468010FE10976BEE /* mock-candles.json */ = {isa = PBXFileReference; fileEncoding = 4; lastKnownFileType = text.json; path = "mock-candles.json"; sourceTree = "<group>"; };
		1A4C3EEA2BC4491F27D629A2 /* SwapView.swift */ = {isa = PBXFileReference; fileEncoding = 4; lastKnownFileType = sourcecode.swift; path = SwapView.swift; sourceTree = "<group>"; };
		1A4C3F186997145E252EBB2E /* NFTsInteractor.swift */ = {isa = PBXFileReference; fileEncoding = 4; lastKnownFileType = sourcecode.swift; path = NFTsInteractor.swift; sourceTree = "<group>"; };
		1A4C3F3F7A4502698FF8F63E /* String+extensions.swift */ = {isa = PBXFileReference; fileEncoding = 4; lastKnownFileType = sourcecode.swift; path = "String+extensions.swift"; sourceTree = "<group>"; };
		1A4C3FA66092D38533F635F3 /* SettingsView.swift */ = {isa = PBXFileReference; fileEncoding = 4; lastKnownFileType = sourcecode.swift; path = SettingsView.swift; sourceTree = "<group>"; };
		D116CF2727C2531E005542AA /* Array+Extensions.swift */ = {isa = PBXFileReference; lastKnownFileType = sourcecode.swift; path = "Array+Extensions.swift"; sourceTree = "<group>"; };
		D11A98F527B8615B00EDFDD0 /* GothicA1-ExtraLight.ttf */ = {isa = PBXFileReference; lastKnownFileType = file; path = "GothicA1-ExtraLight.ttf"; sourceTree = "<group>"; };
		D11A98F627B8615B00EDFDD0 /* GothicA1-Regular.ttf */ = {isa = PBXFileReference; lastKnownFileType = file; path = "GothicA1-Regular.ttf"; sourceTree = "<group>"; };
		D11A98F727B8615B00EDFDD0 /* GothicA1-Light.ttf */ = {isa = PBXFileReference; lastKnownFileType = file; path = "GothicA1-Light.ttf"; sourceTree = "<group>"; };
		D11A98F827B8615B00EDFDD0 /* GothicA1-Thin.ttf */ = {isa = PBXFileReference; lastKnownFileType = file; path = "GothicA1-Thin.ttf"; sourceTree = "<group>"; };
		D11A98F927B8615B00EDFDD0 /* GothicA1-Bold.ttf */ = {isa = PBXFileReference; lastKnownFileType = file; path = "GothicA1-Bold.ttf"; sourceTree = "<group>"; };
		D11A98FA27B8615B00EDFDD0 /* GothicA1-ExtraBold.ttf */ = {isa = PBXFileReference; lastKnownFileType = file; path = "GothicA1-ExtraBold.ttf"; sourceTree = "<group>"; };
		D11A98FB27B8615B00EDFDD0 /* OFL.txt */ = {isa = PBXFileReference; fileEncoding = 4; lastKnownFileType = text; path = OFL.txt; sourceTree = "<group>"; };
		D11A98FC27B8615B00EDFDD0 /* GothicA1-Medium.ttf */ = {isa = PBXFileReference; lastKnownFileType = file; path = "GothicA1-Medium.ttf"; sourceTree = "<group>"; };
		D11A98FD27B8615B00EDFDD0 /* GothicA1-Black.ttf */ = {isa = PBXFileReference; lastKnownFileType = file; path = "GothicA1-Black.ttf"; sourceTree = "<group>"; };
		D11A98FE27B8615B00EDFDD0 /* GothicA1-SemiBold.ttf */ = {isa = PBXFileReference; lastKnownFileType = file; path = "GothicA1-SemiBold.ttf"; sourceTree = "<group>"; };
		D11A98FF27B8615B00EDFDD0 /* NothingYouCouldDo-Regular.ttf */ = {isa = PBXFileReference; lastKnownFileType = file; path = "NothingYouCouldDo-Regular.ttf"; sourceTree = "<group>"; };
		D11A990C27B99D1800EDFDD0 /* AnyDecodable.swift */ = {isa = PBXFileReference; fileEncoding = 4; lastKnownFileType = sourcecode.swift; path = AnyDecodable.swift; sourceTree = "<group>"; };
		D11A990D27B99D1800EDFDD0 /* AnyCodable.swift */ = {isa = PBXFileReference; fileEncoding = 4; lastKnownFileType = sourcecode.swift; path = AnyCodable.swift; sourceTree = "<group>"; };
		D11A990E27B99D1800EDFDD0 /* AnyEncodable.swift */ = {isa = PBXFileReference; fileEncoding = 4; lastKnownFileType = sourcecode.swift; path = AnyEncodable.swift; sourceTree = "<group>"; };
		D14ECE3827B833E500228F90 /* Localizable.strings */ = {isa = PBXFileReference; lastKnownFileType = text.plist.strings; path = Localizable.strings; sourceTree = "<group>"; };
		D157F7C727B69B6300578FF8 /* web3wallet.app */ = {isa = PBXFileReference; explicitFileType = wrapper.application; includeInIndex = 0; path = web3wallet.app; sourceTree = BUILT_PRODUCTS_DIR; };
		D157F7CA27B69B6300578FF8 /* AppDelegate.swift */ = {isa = PBXFileReference; lastKnownFileType = sourcecode.swift; path = AppDelegate.swift; sourceTree = "<group>"; };
		D157F7CC27B69B6300578FF8 /* SceneDelegate.swift */ = {isa = PBXFileReference; lastKnownFileType = sourcecode.swift; path = SceneDelegate.swift; sourceTree = "<group>"; };
		D157F7CE27B69B6300578FF8 /* ViewController.swift */ = {isa = PBXFileReference; lastKnownFileType = sourcecode.swift; path = ViewController.swift; sourceTree = "<group>"; };
		D157F7D127B69B6300578FF8 /* Base */ = {isa = PBXFileReference; lastKnownFileType = file.storyboard; name = Base; path = Base.lproj/Main.storyboard; sourceTree = "<group>"; };
		D157F7D327B69B6400578FF8 /* Assets.xcassets */ = {isa = PBXFileReference; lastKnownFileType = folder.assetcatalog; path = Assets.xcassets; sourceTree = "<group>"; };
		D157F7D627B69B6400578FF8 /* Base */ = {isa = PBXFileReference; lastKnownFileType = file.storyboard; name = Base; path = Base.lproj/LaunchScreen.storyboard; sourceTree = "<group>"; };
		D157F7D827B69B6400578FF8 /* Info.plist */ = {isa = PBXFileReference; lastKnownFileType = text.plist.xml; path = Info.plist; sourceTree = "<group>"; };
		D157F7DD27B69B6400578FF8 /* web3walletTests.xctest */ = {isa = PBXFileReference; explicitFileType = wrapper.cfbundle; includeInIndex = 0; path = web3walletTests.xctest; sourceTree = BUILT_PRODUCTS_DIR; };
		D157F7E127B69B6400578FF8 /* web3walletTests.swift */ = {isa = PBXFileReference; lastKnownFileType = sourcecode.swift; path = web3walletTests.swift; sourceTree = "<group>"; };
		D157F7E727B69B6400578FF8 /* web3walletUITests.xctest */ = {isa = PBXFileReference; explicitFileType = wrapper.cfbundle; includeInIndex = 0; path = web3walletUITests.xctest; sourceTree = BUILT_PRODUCTS_DIR; };
		D157F7EB27B69B6400578FF8 /* web3walletUITests.swift */ = {isa = PBXFileReference; lastKnownFileType = sourcecode.swift; path = web3walletUITests.swift; sourceTree = "<group>"; };
		D157F7ED27B69B6400578FF8 /* web3walletUITestsLaunchTests.swift */ = {isa = PBXFileReference; lastKnownFileType = sourcecode.swift; path = web3walletUITestsLaunchTests.swift; sourceTree = "<group>"; };
		D15B06C227B6D23C008C3C62 /* GradienView.swift */ = {isa = PBXFileReference; lastKnownFileType = sourcecode.swift; path = GradienView.swift; sourceTree = "<group>"; };
		D15B06C627B72111008C3C62 /* WalletsView.swift */ = {isa = PBXFileReference; lastKnownFileType = sourcecode.swift; path = WalletsView.swift; sourceTree = "<group>"; };
/* End PBXFileReference section */

/* Begin PBXFrameworksBuildPhase section */
		D157F7C427B69B6300578FF8 /* Frameworks */ = {
			isa = PBXFrameworksBuildPhase;
			buildActionMask = 2147483647;
			files = (
			);
			runOnlyForDeploymentPostprocessing = 0;
		};
		D157F7DA27B69B6400578FF8 /* Frameworks */ = {
			isa = PBXFrameworksBuildPhase;
			buildActionMask = 2147483647;
			files = (
			);
			runOnlyForDeploymentPostprocessing = 0;
		};
		D157F7E427B69B6400578FF8 /* Frameworks */ = {
			isa = PBXFrameworksBuildPhase;
			buildActionMask = 2147483647;
			files = (
			);
			runOnlyForDeploymentPostprocessing = 0;
		};
/* End PBXFrameworksBuildPhase section */

/* Begin PBXGroup section */
		1A4C303225414E70D52A40F3 /* cells */ = {
			isa = PBXGroup;
			children = (
				1A4C3A6BF41648FE8A9E60AA /* DashboardWalletCell.swift */,
				1A4C30949FD84F7C8504D081 /* DashboardHeaderView.swift */,
				1A4C3404214F8018CDD4F6C4 /* DashboardNFTsCell.swift */,
				1A4C35DB40974617FD65E0A1 /* DashboardSectionHeaderView.swift */,
			);
			path = cells;
			sourceTree = "<group>";
		};
		1A4C30349A9657E321920184 /* Settings */ = {
			isa = PBXGroup;
			children = (
				1A4C3DED61DB8FC18EFD5B0B /* Settings.swift */,
			);
			path = Settings;
			sourceTree = "<group>";
		};
		1A4C3044D77C00C8FF94BEA1 /* AppsModule */ = {
			isa = PBXGroup;
			children = (
				1A4C3228A51AE19D8D21760A /* AppsCell.swift */,
				1A4C3D1FBA47E23C9207B49B /* AppsView.swift */,
				1A4C33A7E924C453F503448F /* AppsPresenter.swift */,
				1A4C32C53B06B5EA8EE01118 /* AppsViewModel.swift */,
				1A4C331E828DAA4D2E628435 /* AppsWireframe.swift */,
				1A4C39C411BA3C3F080EB746 /* AppsInteractor.swift */,
				1A4C3E735403B7DA9910563D /* AppsWireframeFactory.swift */,
			);
			path = AppsModule;
			sourceTree = "<group>";
		};
		1A4C30D5AD2DC31052A09D61 /* Extensions */ = {
			isa = PBXGroup;
			children = (
				1A4C310A6D460422DB18D0BF /* UIStoryboard+extensions.swift */,
				1A4C3D1809D506A7AE772982 /* NSLocalizedString+extension.swift */,
				1A4C3BBAA5D729DC128BA1A7 /* UIColor+Extensions.swift */,
				1A4C341557541950B9132370 /* UIFont+Extension.swift */,
				1A4C3CD7A1F1A86851EC2BA5 /* UICollectionView+Extensions.swift */,
				1A4C3BFA6EDB1E94BEF92E59 /* Formatter+Extensions.swift */,
				1A4C330512BFD12BAFED0D12 /* CALayer+Extension.swift */,
				1A4C39B21512118DB853A3E3 /* UILabel+extensions.swift */,
				1A4C300AF1693AEBB5E5DD97 /* UIView+extensions.swift */,
				1A4C3439D8A20606BAD5B667 /* UIButton+extensions.swift */,
				1A4C3F3F7A4502698FF8F63E /* String+extensions.swift */,
				D116CF2727C2531E005542AA /* Array+Extensions.swift */,
				1A4C3ADE5C8CD3D3CBB36547 /* UIBarButtonItem.swift */,
			);
			path = Extensions;
			sourceTree = "<group>";
		};
		1A4C312F3B436BCC1E5CDDB0 /* NFTs */ = {
			isa = PBXGroup;
			children = (
				1A4C3CD454B957F1787FE70A /* NFTsCell.swift */,
				1A4C38A2039D19A2E5507CF2 /* NFTsView.swift */,
				1A4C3E187671FB1882E89DB7 /* NFTsPresenter.swift */,
				1A4C3EB46866FC10CA58C6F8 /* NFTsViewModel.swift */,
				1A4C325A83A0FC4E6A5A9922 /* NFTsWireframe.swift */,
				1A4C3F186997145E252EBB2E /* NFTsInteractor.swift */,
				1A4C3C7AC11249D1DE6C554C /* NFTsWireframeFactory.swift */,
			);
			path = NFTs;
			sourceTree = "<group>";
		};
		1A4C315D92E8F10E17F45F5D /* Degen */ = {
			isa = PBXGroup;
			children = (
				1A4C3791854718F768652287 /* Degen */,
				1A4C3294E7E12E48A7FCD56F /* AMMs */,
				1A4C322C2F62E3A7DE84E8B8 /* Swap */,
			);
			path = Degen;
			sourceTree = "<group>";
		};
		1A4C316E60B8C1E6DD9E5623 /* Cells */ = {
			isa = PBXGroup;
			children = (
				1A4C3AC0CCE82EB56DABDC66 /* AccountHeaderCell.swift */,
				1A4C33DC42CC7C1EA5D259B5 /* AccountChartCell.swift */,
				1A4C3E061DB981F9ABA24321 /* AccountMarketInfoCell.swift */,
				1A4C3DF58C2B32C6B6C096F8 /* AccountTransactionCell.swift */,
				1A4C3114D1ECD9B2A75BCD96 /* AccountSectionHeader.swift */,
			);
			path = Cells;
			sourceTree = "<group>";
		};
		1A4C322C2F62E3A7DE84E8B8 /* Swap */ = {
			isa = PBXGroup;
			children = (
				1A4C351526042456A71B185F /* SwapInputView.swift */,
				1A4C3EEA2BC4491F27D629A2 /* SwapView.swift */,
				1A4C3496668BD6B362FE68B4 /* SwapPresenter.swift */,
				1A4C348CA305DD0F6C190CAE /* SwapViewModel.swift */,
				1A4C3E963BBDDF8226B79BAD /* SwapWireframe.swift */,
				1A4C317BB445643CDEAB4690 /* SwapInteractor.swift */,
				1A4C376FCE382F2B2A126F5E /* SwapWireframeFactory.swift */,
			);
			path = Swap;
			sourceTree = "<group>";
		};
		1A4C329381A12BF85B2C9F38 /* Account */ = {
			isa = PBXGroup;
			children = (
				1A4C3EA05614AEAEC1389A4E /* AccountView.swift */,
				1A4C30B09D7FCDB08590118B /* AccountPresenter.swift */,
				1A4C3A962E47E54F5A5779D3 /* AccountViewModel.swift */,
				1A4C3ABEEF88DD643AF4D7AD /* AccountWireframe.swift */,
				1A4C38B1678950FD61E91FAD /* AccountInteractor.swift */,
				1A4C3ABC7FAC24D9539B1BDA /* AccountWireframeFactory.swift */,
				1A4C316E60B8C1E6DD9E5623 /* Cells */,
			);
			path = Account;
			sourceTree = "<group>";
		};
		1A4C3294E7E12E48A7FCD56F /* AMMs */ = {
			isa = PBXGroup;
			children = (
				1A4C308E7095014B9BF80912 /* AMMsCell.swift */,
				1A4C3270725B54B420CDCAD0 /* AMMsView.swift */,
				1A4C3A1643AAB35AA35FED36 /* AMMsPresenter.swift */,
				1A4C3811EC67D01771B97011 /* AMMsViewModel.swift */,
				1A4C35A00BFF35155C4AD72D /* AMMsWireframe.swift */,
				1A4C309D73324E169A4CD1C9 /* AMMsInteractor.swift */,
				1A4C3A93ADEAA6317E2F1134 /* AMMsWireframeFactory.swift */,
			);
			path = AMMs;
			sourceTree = "<group>";
		};
		1A4C346F635A82851C21B8A8 /* Root */ = {
			isa = PBXGroup;
			children = (
				1A4C3A08014FC9721FC2557C /* RootView.swift */,
				1A4C3B638AF302821340E527 /* RootPresenter.swift */,
				1A4C3D0EF3DBE9AC06A05512 /* RootWireframe.swift */,
				1A4C3DF2370620D3B04E431A /* RootWireframeFactory.swift */,
			);
			path = Root;
			sourceTree = "<group>";
		};
		1A4C34890DEC8B96E5A50E6C /* Network */ = {
			isa = PBXGroup;
			children = (
				1A4C341CE810A41C93A4D896 /* Network.swift */,
				1A4C3DAB38F681061328F3F0 /* NetworksService.swift */,
			);
			path = Network;
			sourceTree = "<group>";
		};
		1A4C34EBFC9FFA8EFBE7DCA7 /* Account */ = {
			isa = PBXGroup;
			children = (
				1A4C388B9A42E6A279D2867F /* AccountService.swift */,
			);
			path = Account;
			sourceTree = "<group>";
		};
		1A4C35A602BDFD544714CB8F /* NFTsService */ = {
			isa = PBXGroup;
			children = (
				1A4C381E5BD7D51D99E29B27 /* NFTsService.swift */,
			);
			path = NFTsService;
			sourceTree = "<group>";
		};
		1A4C35BE139AFC345B42DE7F /* Apps */ = {
			isa = PBXGroup;
			children = (
				1A4C3228790C1569B37F5179 /* AppsService.swift */,
			);
			path = Apps;
			sourceTree = "<group>";
		};
		1A4C378CF260A81DDB68B039 /* Wallet */ = {
			isa = PBXGroup;
			children = (
				1A4C36CAEB50425CE9839ED4 /* WalletsService.swift */,
				1A4C376D2673983B26F249FF /* Wallet.swift */,
			);
			path = Wallet;
			sourceTree = "<group>";
		};
		1A4C3791854718F768652287 /* Degen */ = {
			isa = PBXGroup;
			children = (
				1A4C367A2B3B39204D1DD109 /* DegenCell.swift */,
				1A4C3D9896E7F3F3E51A9F29 /* DegenView.swift */,
				1A4C3B98696DF5EF5AC52C07 /* DegenPresenter.swift */,
				1A4C34E67B135A61BE103648 /* DegenViewModel.swift */,
				1A4C32C282B76B064343657F /* DegenWireframe.swift */,
				1A4C3488BA01A7A891884D67 /* DegenInteractor.swift */,
				1A4C3B869A93171279B2C6ED /* DegenWireframeFactory.swift */,
				1A4C374E321C93128CF3FB91 /* DegenSectionTitleView.swift */,
			);
			path = Degen;
			sourceTree = "<group>";
		};
		1A4C3823E11D18DC3C0029DD /* Networks */ = {
			isa = PBXGroup;
			children = (
				1A4C37E7FEEE448ABFD2A86C /* NetworksCell.swift */,
				1A4C3795FDA4A86232F2BA21 /* NetworksInteractor.swift */,
				1A4C342AEA80F91722BA4C54 /* NetworksPresenter.swift */,
				1A4C36211D0CAC7CD3E2B39B /* NetworksView.swift */,
				1A4C3831549FBA4F68E7224D /* NetworksViewModel.swift */,
				1A4C3AD5ED12A2AC7B3218C9 /* NetworksWireframe.swift */,
				1A4C30B213A6E8FFA7D0D41D /* NetworksWireframeFactory.swift */,
			);
			path = Networks;
			sourceTree = "<group>";
		};
		1A4C3850817DBF09BB66090A /* CadlesView */ = {
			isa = PBXGroup;
			children = (
				1A4C359691FCF66942DF6CEF /* CandlesView.swift */,
				1A4C344022DBA2423C0F15F6 /* CandlesViewViewModel.swift */,
				1A4C3EE3468010FE10976BEE /* mock-candles.json */,
			);
			path = CadlesView;
			sourceTree = "<group>";
		};
		1A4C3850AF2505DA23170977 /* Dashboard */ = {
			isa = PBXGroup;
			children = (
				1A4C3EDBCEBB09F678C9E934 /* DashboardView.swift */,
				1A4C38F6C66189309E695B99 /* DashboardPresenter.swift */,
				1A4C325D5EF4C18FCD3B1472 /* DashboardViewModel.swift */,
				1A4C3A05642605E68164E3B1 /* DashboardWireframe.swift */,
				1A4C306F77C13B435A1FBF17 /* DashboardInteractor.swift */,
				1A4C3B92FA152550A06D3D31 /* DashboardWireframeFactory.swift */,
				1A4C303225414E70D52A40F3 /* cells */,
			);
			path = Dashboard;
			sourceTree = "<group>";
		};
		1A4C3888D4FA37BEB1285C02 /* Degen */ = {
			isa = PBXGroup;
			children = (
				1A4C34077200A9E856B77DDF /* DegenService.swift */,
				1A4C39D2D7698A760E497CA7 /* DAppCategory.swift */,
				1A4C375870963EEF9ECBE64B /* DApp.swift */,
			);
			path = Degen;
			sourceTree = "<group>";
		};
		1A4C38B91F448C1E962685B3 /* Services */ = {
			isa = PBXGroup;
			children = (
				1A4C378CF260A81DDB68B039 /* Wallet */,
				D17AC2D527B7E674000D7C34 /* Store */,
				1A4C34890DEC8B96E5A50E6C /* Network */,
				1A4C3888D4FA37BEB1285C02 /* Degen */,
				1A4C34EBFC9FFA8EFBE7DCA7 /* Account */,
				1A4C35A602BDFD544714CB8F /* NFTsService */,
				1A4C30349A9657E321920184 /* Settings */,
				1A4C35BE139AFC345B42DE7F /* Apps */,
			);
			path = Services;
			sourceTree = "<group>";
		};
		1A4C3C0F7E50FC6FFF5CA5A9 /* Settings */ = {
			isa = PBXGroup;
			children = (
				1A4C37840D018B26EF2993AB /* SettingsCell.swift */,
				1A4C3FA66092D38533F635F3 /* SettingsView.swift */,
				1A4C3EB64DCA0D9104342F0C /* SettingsPresenter.swift */,
				1A4C3412895BFFD5EB8F167E /* SettingsViewModel.swift */,
				1A4C3142E4B087299DA8113B /* SettingsWireframe.swift */,
				1A4C35A4D936F0DA1D74826B /* SettingsInteractor.swift */,
				1A4C3152690E35122D56F0C6 /* SettingsWireframeFactory.swift */,
			);
			path = Settings;
			sourceTree = "<group>";
		};
		1A4C3C27E8AC72B44037C9E2 /* ViewControllers */ = {
			isa = PBXGroup;
			children = (
				1A4C3C8A8E2CDDB9F01205E5 /* NavigationController.swift */,
				1A4C3178DA54CD0800157DD5 /* EdgeCardsController.swift */,
				1A4C309894247AA73F274756 /* TabBarController.swift */,
			);
			path = ViewControllers;
			sourceTree = "<group>";
		};
		1A4C3D0B11BD0F9527397998 /* VisualEffectView */ = {
			isa = PBXGroup;
			children = (
				1A4C3644A9D218CC991B2A56 /* VisualEffectView.swift */,
				1A4C38CF747765ADAC893B99 /* UIViewEffectViewiOS14.swift */,
			);
			path = VisualEffectView;
			sourceTree = "<group>";
		};
		D11A98F327B8615B00EDFDD0 /* Fonts */ = {
			isa = PBXGroup;
			children = (
				D11A98F427B8615B00EDFDD0 /* Gothic_A1 */,
				D11A98FF27B8615B00EDFDD0 /* NothingYouCouldDo-Regular.ttf */,
			);
			path = Fonts;
			sourceTree = "<group>";
		};
		D11A98F427B8615B00EDFDD0 /* Gothic_A1 */ = {
			isa = PBXGroup;
			children = (
				D11A98F527B8615B00EDFDD0 /* GothicA1-ExtraLight.ttf */,
				D11A98F627B8615B00EDFDD0 /* GothicA1-Regular.ttf */,
				D11A98F727B8615B00EDFDD0 /* GothicA1-Light.ttf */,
				D11A98F827B8615B00EDFDD0 /* GothicA1-Thin.ttf */,
				D11A98F927B8615B00EDFDD0 /* GothicA1-Bold.ttf */,
				D11A98FA27B8615B00EDFDD0 /* GothicA1-ExtraBold.ttf */,
				D11A98FB27B8615B00EDFDD0 /* OFL.txt */,
				D11A98FC27B8615B00EDFDD0 /* GothicA1-Medium.ttf */,
				D11A98FD27B8615B00EDFDD0 /* GothicA1-Black.ttf */,
				D11A98FE27B8615B00EDFDD0 /* GothicA1-SemiBold.ttf */,
			);
			path = Gothic_A1;
			sourceTree = "<group>";
		};
		D11A990B27B99D1800EDFDD0 /* AnyCodable */ = {
			isa = PBXGroup;
			children = (
				D11A990C27B99D1800EDFDD0 /* AnyDecodable.swift */,
				D11A990D27B99D1800EDFDD0 /* AnyCodable.swift */,
				D11A990E27B99D1800EDFDD0 /* AnyEncodable.swift */,
			);
			path = AnyCodable;
			sourceTree = "<group>";
		};
		D157F7BE27B69B6300578FF8 = {
			isa = PBXGroup;
			children = (
				D157F7C927B69B6300578FF8 /* web3wallet */,
				D157F7E027B69B6400578FF8 /* web3walletTests */,
				D157F7EA27B69B6400578FF8 /* web3walletUITests */,
				D157F7C827B69B6300578FF8 /* Products */,
			);
			sourceTree = "<group>";
		};
		D157F7C827B69B6300578FF8 /* Products */ = {
			isa = PBXGroup;
			children = (
				D157F7C727B69B6300578FF8 /* web3wallet.app */,
				D157F7DD27B69B6400578FF8 /* web3walletTests.xctest */,
				D157F7E727B69B6400578FF8 /* web3walletUITests.xctest */,
			);
			name = Products;
			sourceTree = "<group>";
		};
		D157F7C927B69B6300578FF8 /* web3wallet */ = {
			isa = PBXGroup;
			children = (
				D15B06C527B6D247008C3C62 /* Common */,
				D15B06C927B7214B008C3C62 /* Modules */,
				D157F7CA27B69B6300578FF8 /* AppDelegate.swift */,
				D157F7CC27B69B6300578FF8 /* SceneDelegate.swift */,
				D157F7CE27B69B6300578FF8 /* ViewController.swift */,
				D157F7D027B69B6300578FF8 /* Main.storyboard */,
				D157F7D527B69B6400578FF8 /* LaunchScreen.storyboard */,
				D157F7D327B69B6400578FF8 /* Assets.xcassets */,
				D11A98F327B8615B00EDFDD0 /* Fonts */,
				D14ECE3827B833E500228F90 /* Localizable.strings */,
				D157F7D827B69B6400578FF8 /* Info.plist */,
			);
			path = web3wallet;
			sourceTree = "<group>";
		};
		D157F7E027B69B6400578FF8 /* web3walletTests */ = {
			isa = PBXGroup;
			children = (
				D157F7E127B69B6400578FF8 /* web3walletTests.swift */,
			);
			path = web3walletTests;
			sourceTree = "<group>";
		};
		D157F7EA27B69B6400578FF8 /* web3walletUITests */ = {
			isa = PBXGroup;
			children = (
				D157F7EB27B69B6400578FF8 /* web3walletUITests.swift */,
				D157F7ED27B69B6400578FF8 /* web3walletUITestsLaunchTests.swift */,
			);
			path = web3walletUITests;
			sourceTree = "<group>";
		};
		D15B06C427B6D241008C3C62 /* Views */ = {
			isa = PBXGroup;
			children = (
				D15B06C227B6D23C008C3C62 /* GradienView.swift */,
				1A4C3378B5287B6A9BDE65CD /* DefaultButton.swift */,
				1A4C3D0B11BD0F9527397998 /* VisualEffectView */,
				1A4C300D073ABE25FC79D4A9 /* CollectionViewCell.swift */,
				1A4C3850817DBF09BB66090A /* CadlesView */,
			);
			path = Views;
			sourceTree = "<group>";
		};
		D15B06C527B6D247008C3C62 /* Common */ = {
			isa = PBXGroup;
			children = (
				1A4C30D5AD2DC31052A09D61 /* Extensions */,
				1A4C38B91F448C1E962685B3 /* Services */,
				1A4C3C27E8AC72B44037C9E2 /* ViewControllers */,
				D15B06C427B6D241008C3C62 /* Views */,
				1A4C3342AB2F88E37CE4947A /* Theme.swift */,
				1A4C39FB21CCAF442F3001E6 /* Global.swift */,
			);
			path = Common;
			sourceTree = "<group>";
		};
		D15B06C827B7211F008C3C62 /* Wallets */ = {
			isa = PBXGroup;
			children = (
				D15B06C627B72111008C3C62 /* WalletsView.swift */,
				1A4C3226ECC6247E9092F6EF /* WalletsPresenter.swift */,
				1A4C3DF93F3CE8FE0B35C142 /* WalletsWireframe.swift */,
				1A4C3C514ACC30A0AC4707FA /* WalletsWireframeFactory.swift */,
				1A4C3044DC83E6A35A00DC12 /* WalletsInteractor.swift */,
				1A4C3228507ADBCE1C99C219 /* WalletsViewModel.swift */,
				1A4C3B2EA3B98315F0F10172 /* WalletCell.swift */,
			);
			path = Wallets;
			sourceTree = "<group>";
		};
		D15B06C927B7214B008C3C62 /* Modules */ = {
			isa = PBXGroup;
			children = (
				D15B06C827B7211F008C3C62 /* Wallets */,
				1A4C3850AF2505DA23170977 /* Dashboard */,
				1A4C315D92E8F10E17F45F5D /* Degen */,
				1A4C3823E11D18DC3C0029DD /* Networks */,
				1A4C329381A12BF85B2C9F38 /* Account */,
				1A4C312F3B436BCC1E5CDDB0 /* NFTs */,
				1A4C3044D77C00C8FF94BEA1 /* AppsModule */,
				1A4C3C0F7E50FC6FFF5CA5A9 /* Settings */,
				1A4C346F635A82851C21B8A8 /* Root */,
			);
			path = Modules;
			sourceTree = "<group>";
		};
		D17AC2D527B7E674000D7C34 /* Store */ = {
			isa = PBXGroup;
			children = (
				1A4C3B70AA1B0BC942B15671 /* Store.swift */,
				D11A990B27B99D1800EDFDD0 /* AnyCodable */,
			);
			path = Store;
			sourceTree = "<group>";
		};
/* End PBXGroup section */

/* Begin PBXNativeTarget section */
		D157F7C627B69B6300578FF8 /* web3wallet */ = {
			isa = PBXNativeTarget;
			buildConfigurationList = D157F7F127B69B6400578FF8 /* Build configuration list for PBXNativeTarget "web3wallet" */;
			buildPhases = (
				D157F7C327B69B6300578FF8 /* Sources */,
				D157F7C427B69B6300578FF8 /* Frameworks */,
				D157F7C527B69B6300578FF8 /* Resources */,
			);
			buildRules = (
			);
			dependencies = (
			);
			name = web3wallet;
			productName = web3wallet;
			productReference = D157F7C727B69B6300578FF8 /* web3wallet.app */;
			productType = "com.apple.product-type.application";
		};
		D157F7DC27B69B6400578FF8 /* web3walletTests */ = {
			isa = PBXNativeTarget;
			buildConfigurationList = D157F7F427B69B6400578FF8 /* Build configuration list for PBXNativeTarget "web3walletTests" */;
			buildPhases = (
				D157F7D927B69B6400578FF8 /* Sources */,
				D157F7DA27B69B6400578FF8 /* Frameworks */,
				D157F7DB27B69B6400578FF8 /* Resources */,
			);
			buildRules = (
			);
			dependencies = (
				D157F7DF27B69B6400578FF8 /* PBXTargetDependency */,
			);
			name = web3walletTests;
			productName = web3walletTests;
			productReference = D157F7DD27B69B6400578FF8 /* web3walletTests.xctest */;
			productType = "com.apple.product-type.bundle.unit-test";
		};
		D157F7E627B69B6400578FF8 /* web3walletUITests */ = {
			isa = PBXNativeTarget;
			buildConfigurationList = D157F7F727B69B6400578FF8 /* Build configuration list for PBXNativeTarget "web3walletUITests" */;
			buildPhases = (
				D157F7E327B69B6400578FF8 /* Sources */,
				D157F7E427B69B6400578FF8 /* Frameworks */,
				D157F7E527B69B6400578FF8 /* Resources */,
			);
			buildRules = (
			);
			dependencies = (
				D157F7E927B69B6400578FF8 /* PBXTargetDependency */,
			);
			name = web3walletUITests;
			productName = web3walletUITests;
			productReference = D157F7E727B69B6400578FF8 /* web3walletUITests.xctest */;
			productType = "com.apple.product-type.bundle.ui-testing";
		};
/* End PBXNativeTarget section */

/* Begin PBXProject section */
		D157F7BF27B69B6300578FF8 /* Project object */ = {
			isa = PBXProject;
			attributes = {
				BuildIndependentTargetsInParallel = 1;
				LastSwiftUpdateCheck = 1320;
				LastUpgradeCheck = 1320;
				TargetAttributes = {
					D157F7C627B69B6300578FF8 = {
						CreatedOnToolsVersion = 13.2.1;
					};
					D157F7DC27B69B6400578FF8 = {
						CreatedOnToolsVersion = 13.2.1;
						TestTargetID = D157F7C627B69B6300578FF8;
					};
					D157F7E627B69B6400578FF8 = {
						CreatedOnToolsVersion = 13.2.1;
						TestTargetID = D157F7C627B69B6300578FF8;
					};
				};
			};
			buildConfigurationList = D157F7C227B69B6300578FF8 /* Build configuration list for PBXProject "web3wallet" */;
			compatibilityVersion = "Xcode 13.0";
			developmentRegion = en;
			hasScannedForEncodings = 0;
			knownRegions = (
				en,
				Base,
			);
			mainGroup = D157F7BE27B69B6300578FF8;
			productRefGroup = D157F7C827B69B6300578FF8 /* Products */;
			projectDirPath = "";
			projectRoot = "";
			targets = (
				D157F7C627B69B6300578FF8 /* web3wallet */,
				D157F7DC27B69B6400578FF8 /* web3walletTests */,
				D157F7E627B69B6400578FF8 /* web3walletUITests */,
			);
		};
/* End PBXProject section */

/* Begin PBXResourcesBuildPhase section */
		D157F7C527B69B6300578FF8 /* Resources */ = {
			isa = PBXResourcesBuildPhase;
			buildActionMask = 2147483647;
			files = (
				D11A990A27B8615B00EDFDD0 /* NothingYouCouldDo-Regular.ttf in Resources */,
				D11A990527B8615B00EDFDD0 /* GothicA1-ExtraBold.ttf in Resources */,
				D11A990827B8615B00EDFDD0 /* GothicA1-Black.ttf in Resources */,
				D11A990627B8615B00EDFDD0 /* OFL.txt in Resources */,
				D11A990427B8615B00EDFDD0 /* GothicA1-Bold.ttf in Resources */,
				D157F7D727B69B6400578FF8 /* LaunchScreen.storyboard in Resources */,
				D11A990227B8615B00EDFDD0 /* GothicA1-Light.ttf in Resources */,
				D11A990727B8615B00EDFDD0 /* GothicA1-Medium.ttf in Resources */,
				D14ECE3927B833E500228F90 /* Localizable.strings in Resources */,
				D11A990027B8615B00EDFDD0 /* GothicA1-ExtraLight.ttf in Resources */,
				D157F7D427B69B6400578FF8 /* Assets.xcassets in Resources */,
				D11A990327B8615B00EDFDD0 /* GothicA1-Thin.ttf in Resources */,
				D11A990927B8615B00EDFDD0 /* GothicA1-SemiBold.ttf in Resources */,
				D157F7D227B69B6300578FF8 /* Main.storyboard in Resources */,
				D11A990127B8615B00EDFDD0 /* GothicA1-Regular.ttf in Resources */,
				1A4C33A130E35EBC0BC27B07 /* mock-candles.json in Resources */,
			);
			runOnlyForDeploymentPostprocessing = 0;
		};
		D157F7DB27B69B6400578FF8 /* Resources */ = {
			isa = PBXResourcesBuildPhase;
			buildActionMask = 2147483647;
			files = (
			);
			runOnlyForDeploymentPostprocessing = 0;
		};
		D157F7E527B69B6400578FF8 /* Resources */ = {
			isa = PBXResourcesBuildPhase;
			buildActionMask = 2147483647;
			files = (
			);
			runOnlyForDeploymentPostprocessing = 0;
		};
/* End PBXResourcesBuildPhase section */

/* Begin PBXSourcesBuildPhase section */
		D157F7C327B69B6300578FF8 /* Sources */ = {
			isa = PBXSourcesBuildPhase;
			buildActionMask = 2147483647;
			files = (
				D11A990F27B99D1800EDFDD0 /* AnyDecodable.swift in Sources */,
				D11A991027B99D1800EDFDD0 /* AnyCodable.swift in Sources */,
				D157F7CF27B69B6300578FF8 /* ViewController.swift in Sources */,
				D15B06C727B72111008C3C62 /* WalletsView.swift in Sources */,
				D15B06C327B6D23C008C3C62 /* GradienView.swift in Sources */,
				D157F7CB27B69B6300578FF8 /* AppDelegate.swift in Sources */,
				D157F7CD27B69B6300578FF8 /* SceneDelegate.swift in Sources */,
				1A4C32CF0C59FE32073E66D0 /* WalletsPresenter.swift in Sources */,
				1A4C3D9BD9F5A146878AFF77 /* WalletsWireframe.swift in Sources */,
				1A4C3A585C5375AE91CDA637 /* WalletsWireframeFactory.swift in Sources */,
				1A4C3F2AC8A8B59020F63712 /* WalletsInteractor.swift in Sources */,
				1A4C39D40DEC9C42A6CF8D8A /* WalletsViewModel.swift in Sources */,
				1A4C3C9B866507D8700399F6 /* WalletsService.swift in Sources */,
				1A4C3708C25B84EAA53D0FB6 /* Wallet.swift in Sources */,
				1A4C3DE2637107E90B7B1CD9 /* Store.swift in Sources */,
				1A4C302CC56D21A0E3CBAFF6 /* UIStoryboard+extensions.swift in Sources */,
				1A4C372EC2DEA2483AD7D92E /* NSLocalizedString+extension.swift in Sources */,
				1A4C33FF86A4E43DAA2E7AB9 /* UIColor+Extensions.swift in Sources */,
				1A4C3EB4D429242923984C76 /* DefaultButton.swift in Sources */,
				1A4C3B49BC67AF7AA3BF0D8F /* VisualEffectView.swift in Sources */,
				1A4C3BE0E686AF5D6FB08274 /* UIViewEffectViewiOS14.swift in Sources */,
				1A4C305703196BC0B33BC401 /* Theme.swift in Sources */,
				1A4C36B0C0625697FE563291 /* UIFont+Extension.swift in Sources */,
				1A4C37074D8859F0DC14C905 /* NavigationController.swift in Sources */,
				1A4C3869B6A3E1BF415E15DB /* Global.swift in Sources */,
				1A4C346BBC846E952B81C4CB /* WalletCell.swift in Sources */,
				1A4C30AA7A243171AE977F1D /* CollectionViewCell.swift in Sources */,
				1A4C32D43EDF7B8FC74AA68C /* UICollectionView+Extensions.swift in Sources */,
				D11A991127B99D1800EDFDD0 /* AnyEncodable.swift in Sources */,
				1A4C3885680B997E1684F34C /* Network.swift in Sources */,
				1A4C30116B1618C1596D9D14 /* NetworksService.swift in Sources */,
				1A4C3835FD803C3B708B409C /* Formatter+Extensions.swift in Sources */,
				1A4C3946A210F5A781EAC827 /* UILabel+extensions.swift in Sources */,
				1A4C301CF0BAEFBD7194FF0B /* CALayer+Extension.swift in Sources */,
				1A4C39EAC9477080E80A6C07 /* EdgeCardsController.swift in Sources */,
				1A4C37C1E42C1DF7A9CB3814 /* DashboardView.swift in Sources */,
				1A4C3B478F3654BE3ECEC0DA /* DashboardPresenter.swift in Sources */,
				1A4C39A545EC7DA7D3253450 /* DashboardViewModel.swift in Sources */,
				1A4C302D442E40BBC5FE9E3D /* DashboardWireframe.swift in Sources */,
				1A4C3C58ECBCC69942A9138C /* DashboardInteractor.swift in Sources */,
				1A4C37CF17F191B3AF54251B /* DashboardWireframeFactory.swift in Sources */,
				1A4C32253B79286A98D96FE4 /* UIView+extensions.swift in Sources */,
				1A4C3B1D9B56685FF628A0AD /* DegenService.swift in Sources */,
				1A4C3540A51F853CCA68885B /* DegenCell.swift in Sources */,
				1A4C34F0ADC2C388D42148BA /* DegenView.swift in Sources */,
				1A4C355E7008E07B2A6A148C /* DegenPresenter.swift in Sources */,
				1A4C3A30CFE0E04885B8A474 /* DegenViewModel.swift in Sources */,
				1A4C3719F83C54CD473ECE25 /* DegenWireframe.swift in Sources */,
				1A4C39B2514D23D66B1540A1 /* DegenInteractor.swift in Sources */,
				1A4C337CA3864D32284438DC /* DegenWireframeFactory.swift in Sources */,
				1A4C3750D25F9E82456820CB /* NetworksCell.swift in Sources */,
				1A4C3A35E90213A3B1D305C1 /* NetworksInteractor.swift in Sources */,
				1A4C339BB64E9CCF1C110D40 /* NetworksPresenter.swift in Sources */,
				1A4C3926E0A2F1B6A2CF3040 /* NetworksView.swift in Sources */,
				1A4C37D58E15F7110354E35B /* NetworksViewModel.swift in Sources */,
				1A4C36E01D38AFB39DCA523C /* NetworksWireframe.swift in Sources */,
				1A4C3B37A19807994E4E1D08 /* NetworksWireframeFactory.swift in Sources */,
				1A4C31F15B77B2DFA1AFCBB6 /* AMMsCell.swift in Sources */,
				1A4C32FAFAE7B74336452733 /* AMMsView.swift in Sources */,
				1A4C3C57B341513B1AA26C06 /* AMMsPresenter.swift in Sources */,
				1A4C3A7D319E0444A98E52AD /* AMMsViewModel.swift in Sources */,
				1A4C386E221B453892180BFE /* AMMsWireframe.swift in Sources */,
				1A4C38B3B9AA2A7910821782 /* AMMsInteractor.swift in Sources */,
				1A4C3D2C7310ABD59AFAE725 /* AMMsWireframeFactory.swift in Sources */,
				1A4C33C1A3C0AE41B3CE539A /* SwapInputView.swift in Sources */,
				1A4C3184F9E6B94BC857D69A /* SwapView.swift in Sources */,
				1A4C37B46FEFFC9D3AC7F324 /* SwapPresenter.swift in Sources */,
				1A4C348C8EAD95B167C06D3D /* SwapViewModel.swift in Sources */,
				1A4C3D827C6C472784CC40E7 /* SwapWireframe.swift in Sources */,
				1A4C3419FE99A77CEE441A56 /* SwapInteractor.swift in Sources */,
				1A4C386D56D3F49C906315ED /* SwapWireframeFactory.swift in Sources */,
				1A4C364C187388D6D51133C2 /* AccountView.swift in Sources */,
				1A4C347CFEC64C025C0ED6CC /* AccountPresenter.swift in Sources */,
				1A4C3D4A1F1632A702FC042A /* AccountViewModel.swift in Sources */,
				1A4C30F2703A5F58B8DA3D1F /* AccountWireframe.swift in Sources */,
				1A4C3161ADC31E07777F61F0 /* AccountInteractor.swift in Sources */,
				1A4C349387A48AB7AD7C24A9 /* AccountWireframeFactory.swift in Sources */,
				1A4C37AEF66358EA9CA0CA59 /* AccountService.swift in Sources */,
				1A4C3F081D1B594B9EAF4F7E /* NFTsCell.swift in Sources */,
				1A4C3FC333CF4459025710E5 /* NFTsView.swift in Sources */,
				1A4C366BA9A6BDC929E984C1 /* NFTsPresenter.swift in Sources */,
				1A4C3BB851D9D2E9DD472284 /* NFTsViewModel.swift in Sources */,
				1A4C3E0C34560AC1BF22B95E /* NFTsWireframe.swift in Sources */,
				1A4C3814E1E3BDF50E96D8C5 /* NFTsInteractor.swift in Sources */,
				1A4C3551BCCFEFA7BF378CD5 /* NFTsWireframeFactory.swift in Sources */,
				1A4C3F98A4FAA65828C73E5C /* NFTsService.swift in Sources */,
				1A4C30B7111436DB2D3D9E5D /* AppsCell.swift in Sources */,
				1A4C33D70F2BF31983487849 /* AppsView.swift in Sources */,
				1A4C36856556A9416071D218 /* AppsPresenter.swift in Sources */,
				1A4C33FD7390E65B4959F77F /* AppsViewModel.swift in Sources */,
				1A4C3CAD628F53A5AC474755 /* AppsWireframe.swift in Sources */,
				1A4C3B15334CF0B046208C20 /* AppsInteractor.swift in Sources */,
				1A4C33EB6A7815037906E8F4 /* AppsWireframeFactory.swift in Sources */,
				1A4C3CF20692E06134002287 /* SettingsCell.swift in Sources */,
				1A4C346D269BABDAF0CC248E /* SettingsView.swift in Sources */,
				1A4C32481161FADBE235A231 /* SettingsPresenter.swift in Sources */,
				1A4C356A6C7A1C66A75728D8 /* SettingsViewModel.swift in Sources */,
				1A4C3AD8FA91A29BF8F75C90 /* SettingsWireframe.swift in Sources */,
				1A4C3F03560BB09F68E7AC30 /* SettingsInteractor.swift in Sources */,
				D116CF2827C2531E005542AA /* Array+Extensions.swift in Sources */,
				1A4C35978A62DC3638CBFD05 /* SettingsWireframeFactory.swift in Sources */,
				1A4C3B6D2DFADBE2EF71F3A5 /* Settings.swift in Sources */,
				1A4C34ABFF1DD20804DED956 /* AppsService.swift in Sources */,
				1A4C39119C04EB0DE3B90F12 /* RootView.swift in Sources */,
				1A4C36FDBCA0AA402711BE43 /* RootPresenter.swift in Sources */,
				1A4C3907090271B34B3F8F4E /* RootWireframe.swift in Sources */,
				1A4C3D05769E141EF98C06E4 /* RootWireframeFactory.swift in Sources */,
				1A4C3735189D6616D915D851 /* TabBarController.swift in Sources */,
				1A4C337DA7CC49D28B99336D /* DashboardWalletCell.swift in Sources */,
				1A4C39EEFEA6A4B3265F6B13 /* DashboardHeaderView.swift in Sources */,
				1A4C3782A600997577ED88DD /* DashboardNFTsCell.swift in Sources */,
				1A4C31AA465FCC1EF6FE6D64 /* DashboardSectionHeaderView.swift in Sources */,
				1A4C32FE47390FD9E1A745C5 /* UIButton+extensions.swift in Sources */,
				1A4C308B6FA11A032039F086 /* CandlesView.swift in Sources */,
				1A4C3C28443621328248F5A7 /* CandlesViewViewModel.swift in Sources */,
				1A4C345BA6553EF429EF7494 /* String+extensions.swift in Sources */,
				1A4C373913601300A54BB058 /* UIBarButtonItem.swift in Sources */,
				1A4C3FB6CFD08955BEAA32D9 /* DAppCategory.swift in Sources */,
				1A4C3AD382E8BADCBE160CBC /* DApp.swift in Sources */,
				1A4C3DCFC8658400B9BCBF78 /* DegenSectionTitleView.swift in Sources */,
				1A4C3861C7003673B5EB7004 /* AccountHeaderCell.swift in Sources */,
				1A4C3A1288CD2259782890A2 /* AccountChartCell.swift in Sources */,
				1A4C3CED9DCF513FA0635AF8 /* AccountMarketInfoCell.swift in Sources */,
				1A4C3DF45C45C609B1F976B7 /* AccountTransactionCell.swift in Sources */,
				1A4C329D37BA590D99ED3A5C /* AccountSectionHeader.swift in Sources */,
			);
			runOnlyForDeploymentPostprocessing = 0;
		};
		D157F7D927B69B6400578FF8 /* Sources */ = {
			isa = PBXSourcesBuildPhase;
			buildActionMask = 2147483647;
			files = (
				D157F7E227B69B6400578FF8 /* web3walletTests.swift in Sources */,
			);
			runOnlyForDeploymentPostprocessing = 0;
		};
		D157F7E327B69B6400578FF8 /* Sources */ = {
			isa = PBXSourcesBuildPhase;
			buildActionMask = 2147483647;
			files = (
				D157F7EE27B69B6400578FF8 /* web3walletUITestsLaunchTests.swift in Sources */,
				D157F7EC27B69B6400578FF8 /* web3walletUITests.swift in Sources */,
			);
			runOnlyForDeploymentPostprocessing = 0;
		};
/* End PBXSourcesBuildPhase section */

/* Begin PBXTargetDependency section */
		D157F7DF27B69B6400578FF8 /* PBXTargetDependency */ = {
			isa = PBXTargetDependency;
			target = D157F7C627B69B6300578FF8 /* web3wallet */;
			targetProxy = D157F7DE27B69B6400578FF8 /* PBXContainerItemProxy */;
		};
		D157F7E927B69B6400578FF8 /* PBXTargetDependency */ = {
			isa = PBXTargetDependency;
			target = D157F7C627B69B6300578FF8 /* web3wallet */;
			targetProxy = D157F7E827B69B6400578FF8 /* PBXContainerItemProxy */;
		};
/* End PBXTargetDependency section */

/* Begin PBXVariantGroup section */
		D157F7D027B69B6300578FF8 /* Main.storyboard */ = {
			isa = PBXVariantGroup;
			children = (
				D157F7D127B69B6300578FF8 /* Base */,
			);
			name = Main.storyboard;
			sourceTree = "<group>";
		};
		D157F7D527B69B6400578FF8 /* LaunchScreen.storyboard */ = {
			isa = PBXVariantGroup;
			children = (
				D157F7D627B69B6400578FF8 /* Base */,
			);
			name = LaunchScreen.storyboard;
			sourceTree = "<group>";
		};
/* End PBXVariantGroup section */

/* Begin XCBuildConfiguration section */
		D157F7EF27B69B6400578FF8 /* Debug */ = {
			isa = XCBuildConfiguration;
			buildSettings = {
				ALWAYS_SEARCH_USER_PATHS = NO;
				CLANG_ANALYZER_NONNULL = YES;
				CLANG_ANALYZER_NUMBER_OBJECT_CONVERSION = YES_AGGRESSIVE;
				CLANG_CXX_LANGUAGE_STANDARD = "gnu++17";
				CLANG_CXX_LIBRARY = "libc++";
				CLANG_ENABLE_MODULES = YES;
				CLANG_ENABLE_OBJC_ARC = YES;
				CLANG_ENABLE_OBJC_WEAK = YES;
				CLANG_WARN_BLOCK_CAPTURE_AUTORELEASING = YES;
				CLANG_WARN_BOOL_CONVERSION = YES;
				CLANG_WARN_COMMA = YES;
				CLANG_WARN_CONSTANT_CONVERSION = YES;
				CLANG_WARN_DEPRECATED_OBJC_IMPLEMENTATIONS = YES;
				CLANG_WARN_DIRECT_OBJC_ISA_USAGE = YES_ERROR;
				CLANG_WARN_DOCUMENTATION_COMMENTS = YES;
				CLANG_WARN_EMPTY_BODY = YES;
				CLANG_WARN_ENUM_CONVERSION = YES;
				CLANG_WARN_INFINITE_RECURSION = YES;
				CLANG_WARN_INT_CONVERSION = YES;
				CLANG_WARN_NON_LITERAL_NULL_CONVERSION = YES;
				CLANG_WARN_OBJC_IMPLICIT_RETAIN_SELF = YES;
				CLANG_WARN_OBJC_LITERAL_CONVERSION = YES;
				CLANG_WARN_OBJC_ROOT_CLASS = YES_ERROR;
				CLANG_WARN_QUOTED_INCLUDE_IN_FRAMEWORK_HEADER = YES;
				CLANG_WARN_RANGE_LOOP_ANALYSIS = YES;
				CLANG_WARN_STRICT_PROTOTYPES = YES;
				CLANG_WARN_SUSPICIOUS_MOVE = YES;
				CLANG_WARN_UNGUARDED_AVAILABILITY = YES_AGGRESSIVE;
				CLANG_WARN_UNREACHABLE_CODE = YES;
				CLANG_WARN__DUPLICATE_METHOD_MATCH = YES;
				COPY_PHASE_STRIP = NO;
				DEBUG_INFORMATION_FORMAT = dwarf;
				ENABLE_STRICT_OBJC_MSGSEND = YES;
				ENABLE_TESTABILITY = YES;
				GCC_C_LANGUAGE_STANDARD = gnu11;
				GCC_DYNAMIC_NO_PIC = NO;
				GCC_NO_COMMON_BLOCKS = YES;
				GCC_OPTIMIZATION_LEVEL = 0;
				GCC_PREPROCESSOR_DEFINITIONS = (
					"DEBUG=1",
					"$(inherited)",
				);
				GCC_WARN_64_TO_32_BIT_CONVERSION = YES;
				GCC_WARN_ABOUT_RETURN_TYPE = YES_ERROR;
				GCC_WARN_UNDECLARED_SELECTOR = YES;
				GCC_WARN_UNINITIALIZED_AUTOS = YES_AGGRESSIVE;
				GCC_WARN_UNUSED_FUNCTION = YES;
				GCC_WARN_UNUSED_VARIABLE = YES;
				IPHONEOS_DEPLOYMENT_TARGET = 15.2;
				MTL_ENABLE_DEBUG_INFO = INCLUDE_SOURCE;
				MTL_FAST_MATH = YES;
				ONLY_ACTIVE_ARCH = YES;
				SDKROOT = iphoneos;
				SWIFT_ACTIVE_COMPILATION_CONDITIONS = DEBUG;
				SWIFT_OPTIMIZATION_LEVEL = "-Onone";
			};
			name = Debug;
		};
		D157F7F027B69B6400578FF8 /* Release */ = {
			isa = XCBuildConfiguration;
			buildSettings = {
				ALWAYS_SEARCH_USER_PATHS = NO;
				CLANG_ANALYZER_NONNULL = YES;
				CLANG_ANALYZER_NUMBER_OBJECT_CONVERSION = YES_AGGRESSIVE;
				CLANG_CXX_LANGUAGE_STANDARD = "gnu++17";
				CLANG_CXX_LIBRARY = "libc++";
				CLANG_ENABLE_MODULES = YES;
				CLANG_ENABLE_OBJC_ARC = YES;
				CLANG_ENABLE_OBJC_WEAK = YES;
				CLANG_WARN_BLOCK_CAPTURE_AUTORELEASING = YES;
				CLANG_WARN_BOOL_CONVERSION = YES;
				CLANG_WARN_COMMA = YES;
				CLANG_WARN_CONSTANT_CONVERSION = YES;
				CLANG_WARN_DEPRECATED_OBJC_IMPLEMENTATIONS = YES;
				CLANG_WARN_DIRECT_OBJC_ISA_USAGE = YES_ERROR;
				CLANG_WARN_DOCUMENTATION_COMMENTS = YES;
				CLANG_WARN_EMPTY_BODY = YES;
				CLANG_WARN_ENUM_CONVERSION = YES;
				CLANG_WARN_INFINITE_RECURSION = YES;
				CLANG_WARN_INT_CONVERSION = YES;
				CLANG_WARN_NON_LITERAL_NULL_CONVERSION = YES;
				CLANG_WARN_OBJC_IMPLICIT_RETAIN_SELF = YES;
				CLANG_WARN_OBJC_LITERAL_CONVERSION = YES;
				CLANG_WARN_OBJC_ROOT_CLASS = YES_ERROR;
				CLANG_WARN_QUOTED_INCLUDE_IN_FRAMEWORK_HEADER = YES;
				CLANG_WARN_RANGE_LOOP_ANALYSIS = YES;
				CLANG_WARN_STRICT_PROTOTYPES = YES;
				CLANG_WARN_SUSPICIOUS_MOVE = YES;
				CLANG_WARN_UNGUARDED_AVAILABILITY = YES_AGGRESSIVE;
				CLANG_WARN_UNREACHABLE_CODE = YES;
				CLANG_WARN__DUPLICATE_METHOD_MATCH = YES;
				COPY_PHASE_STRIP = NO;
				DEBUG_INFORMATION_FORMAT = "dwarf-with-dsym";
				ENABLE_NS_ASSERTIONS = NO;
				ENABLE_STRICT_OBJC_MSGSEND = YES;
				GCC_C_LANGUAGE_STANDARD = gnu11;
				GCC_NO_COMMON_BLOCKS = YES;
				GCC_WARN_64_TO_32_BIT_CONVERSION = YES;
				GCC_WARN_ABOUT_RETURN_TYPE = YES_ERROR;
				GCC_WARN_UNDECLARED_SELECTOR = YES;
				GCC_WARN_UNINITIALIZED_AUTOS = YES_AGGRESSIVE;
				GCC_WARN_UNUSED_FUNCTION = YES;
				GCC_WARN_UNUSED_VARIABLE = YES;
				IPHONEOS_DEPLOYMENT_TARGET = 15.2;
				MTL_ENABLE_DEBUG_INFO = NO;
				MTL_FAST_MATH = YES;
				SDKROOT = iphoneos;
				SWIFT_COMPILATION_MODE = wholemodule;
				SWIFT_OPTIMIZATION_LEVEL = "-O";
				VALIDATE_PRODUCT = YES;
			};
			name = Release;
		};
		D157F7F227B69B6400578FF8 /* Debug */ = {
			isa = XCBuildConfiguration;
			buildSettings = {
				ASSETCATALOG_COMPILER_APPICON_NAME = AppIcon;
				ASSETCATALOG_COMPILER_GLOBAL_ACCENT_COLOR_NAME = AccentColor;
				CODE_SIGN_STYLE = Automatic;
				CURRENT_PROJECT_VERSION = 1;
				GENERATE_INFOPLIST_FILE = YES;
				INFOPLIST_FILE = web3wallet/Info.plist;
				INFOPLIST_KEY_UIApplicationSupportsIndirectInputEvents = YES;
				INFOPLIST_KEY_UILaunchStoryboardName = LaunchScreen;
				INFOPLIST_KEY_UIMainStoryboardFile = Main;
				INFOPLIST_KEY_UISupportedInterfaceOrientations_iPad = "UIInterfaceOrientationPortrait UIInterfaceOrientationPortraitUpsideDown UIInterfaceOrientationLandscapeLeft UIInterfaceOrientationLandscapeRight";
				INFOPLIST_KEY_UISupportedInterfaceOrientations_iPhone = "UIInterfaceOrientationPortrait UIInterfaceOrientationLandscapeLeft UIInterfaceOrientationLandscapeRight";
				LD_RUNPATH_SEARCH_PATHS = (
					"$(inherited)",
					"@executable_path/Frameworks",
				);
				MARKETING_VERSION = 1.0;
				PRODUCT_BUNDLE_IDENTIFIER = com.sonsofcrypto.web3wallet;
				PRODUCT_NAME = "$(TARGET_NAME)";
				SWIFT_EMIT_LOC_STRINGS = YES;
				SWIFT_VERSION = 5.0;
				TARGETED_DEVICE_FAMILY = "1,2";
			};
			name = Debug;
		};
		D157F7F327B69B6400578FF8 /* Release */ = {
			isa = XCBuildConfiguration;
			buildSettings = {
				ASSETCATALOG_COMPILER_APPICON_NAME = AppIcon;
				ASSETCATALOG_COMPILER_GLOBAL_ACCENT_COLOR_NAME = AccentColor;
				CODE_SIGN_STYLE = Automatic;
				CURRENT_PROJECT_VERSION = 1;
				GENERATE_INFOPLIST_FILE = YES;
				INFOPLIST_FILE = web3wallet/Info.plist;
				INFOPLIST_KEY_UIApplicationSupportsIndirectInputEvents = YES;
				INFOPLIST_KEY_UILaunchStoryboardName = LaunchScreen;
				INFOPLIST_KEY_UIMainStoryboardFile = Main;
				INFOPLIST_KEY_UISupportedInterfaceOrientations_iPad = "UIInterfaceOrientationPortrait UIInterfaceOrientationPortraitUpsideDown UIInterfaceOrientationLandscapeLeft UIInterfaceOrientationLandscapeRight";
				INFOPLIST_KEY_UISupportedInterfaceOrientations_iPhone = "UIInterfaceOrientationPortrait UIInterfaceOrientationLandscapeLeft UIInterfaceOrientationLandscapeRight";
				LD_RUNPATH_SEARCH_PATHS = (
					"$(inherited)",
					"@executable_path/Frameworks",
				);
				MARKETING_VERSION = 1.0;
				PRODUCT_BUNDLE_IDENTIFIER = com.sonsofcrypto.web3wallet;
				PRODUCT_NAME = "$(TARGET_NAME)";
				SWIFT_EMIT_LOC_STRINGS = YES;
				SWIFT_VERSION = 5.0;
				TARGETED_DEVICE_FAMILY = "1,2";
			};
			name = Release;
		};
		D157F7F527B69B6400578FF8 /* Debug */ = {
			isa = XCBuildConfiguration;
			buildSettings = {
				ALWAYS_EMBED_SWIFT_STANDARD_LIBRARIES = YES;
				BUNDLE_LOADER = "$(TEST_HOST)";
				CODE_SIGN_STYLE = Automatic;
				CURRENT_PROJECT_VERSION = 1;
				GENERATE_INFOPLIST_FILE = YES;
				IPHONEOS_DEPLOYMENT_TARGET = 15.2;
				MARKETING_VERSION = 1.0;
				PRODUCT_BUNDLE_IDENTIFIER = com.sonsofcrypto.web3walletTests;
				PRODUCT_NAME = "$(TARGET_NAME)";
				SWIFT_EMIT_LOC_STRINGS = NO;
				SWIFT_VERSION = 5.0;
				TARGETED_DEVICE_FAMILY = "1,2";
				TEST_HOST = "$(BUILT_PRODUCTS_DIR)/web3wallet.app/web3wallet";
			};
			name = Debug;
		};
		D157F7F627B69B6400578FF8 /* Release */ = {
			isa = XCBuildConfiguration;
			buildSettings = {
				ALWAYS_EMBED_SWIFT_STANDARD_LIBRARIES = YES;
				BUNDLE_LOADER = "$(TEST_HOST)";
				CODE_SIGN_STYLE = Automatic;
				CURRENT_PROJECT_VERSION = 1;
				GENERATE_INFOPLIST_FILE = YES;
				IPHONEOS_DEPLOYMENT_TARGET = 15.2;
				MARKETING_VERSION = 1.0;
				PRODUCT_BUNDLE_IDENTIFIER = com.sonsofcrypto.web3walletTests;
				PRODUCT_NAME = "$(TARGET_NAME)";
				SWIFT_EMIT_LOC_STRINGS = NO;
				SWIFT_VERSION = 5.0;
				TARGETED_DEVICE_FAMILY = "1,2";
				TEST_HOST = "$(BUILT_PRODUCTS_DIR)/web3wallet.app/web3wallet";
			};
			name = Release;
		};
		D157F7F827B69B6400578FF8 /* Debug */ = {
			isa = XCBuildConfiguration;
			buildSettings = {
				ALWAYS_EMBED_SWIFT_STANDARD_LIBRARIES = YES;
				CODE_SIGN_STYLE = Automatic;
				CURRENT_PROJECT_VERSION = 1;
				GENERATE_INFOPLIST_FILE = YES;
				MARKETING_VERSION = 1.0;
				PRODUCT_BUNDLE_IDENTIFIER = com.sonsofcrypto.web3walletUITests;
				PRODUCT_NAME = "$(TARGET_NAME)";
				SWIFT_EMIT_LOC_STRINGS = NO;
				SWIFT_VERSION = 5.0;
				TARGETED_DEVICE_FAMILY = "1,2";
				TEST_TARGET_NAME = web3wallet;
			};
			name = Debug;
		};
		D157F7F927B69B6400578FF8 /* Release */ = {
			isa = XCBuildConfiguration;
			buildSettings = {
				ALWAYS_EMBED_SWIFT_STANDARD_LIBRARIES = YES;
				CODE_SIGN_STYLE = Automatic;
				CURRENT_PROJECT_VERSION = 1;
				GENERATE_INFOPLIST_FILE = YES;
				MARKETING_VERSION = 1.0;
				PRODUCT_BUNDLE_IDENTIFIER = com.sonsofcrypto.web3walletUITests;
				PRODUCT_NAME = "$(TARGET_NAME)";
				SWIFT_EMIT_LOC_STRINGS = NO;
				SWIFT_VERSION = 5.0;
				TARGETED_DEVICE_FAMILY = "1,2";
				TEST_TARGET_NAME = web3wallet;
			};
			name = Release;
		};
/* End XCBuildConfiguration section */

/* Begin XCConfigurationList section */
		D157F7C227B69B6300578FF8 /* Build configuration list for PBXProject "web3wallet" */ = {
			isa = XCConfigurationList;
			buildConfigurations = (
				D157F7EF27B69B6400578FF8 /* Debug */,
				D157F7F027B69B6400578FF8 /* Release */,
			);
			defaultConfigurationIsVisible = 0;
			defaultConfigurationName = Release;
		};
		D157F7F127B69B6400578FF8 /* Build configuration list for PBXNativeTarget "web3wallet" */ = {
			isa = XCConfigurationList;
			buildConfigurations = (
				D157F7F227B69B6400578FF8 /* Debug */,
				D157F7F327B69B6400578FF8 /* Release */,
			);
			defaultConfigurationIsVisible = 0;
			defaultConfigurationName = Release;
		};
		D157F7F427B69B6400578FF8 /* Build configuration list for PBXNativeTarget "web3walletTests" */ = {
			isa = XCConfigurationList;
			buildConfigurations = (
				D157F7F527B69B6400578FF8 /* Debug */,
				D157F7F627B69B6400578FF8 /* Release */,
			);
			defaultConfigurationIsVisible = 0;
			defaultConfigurationName = Release;
		};
		D157F7F727B69B6400578FF8 /* Build configuration list for PBXNativeTarget "web3walletUITests" */ = {
			isa = XCConfigurationList;
			buildConfigurations = (
				D157F7F827B69B6400578FF8 /* Debug */,
				D157F7F927B69B6400578FF8 /* Release */,
			);
			defaultConfigurationIsVisible = 0;
			defaultConfigurationName = Release;
		};
/* End XCConfigurationList section */
	};
	rootObject = D157F7BF27B69B6300578FF8 /* Project object */;
}
